// !$*UTF8*$!
{
	archiveVersion = 1;
	classes = {
	};
	objectVersion = 55;
	objects = {

/* Begin PBXBuildFile section */
		25836CAB6432692F061508AA /* Pods_EventTracker_EventTrackerUITests.framework in Frameworks */ = {isa = PBXBuildFile; fileRef = BDEBA0AF5F8BE977D84AE0C0 /* Pods_EventTracker_EventTrackerUITests.framework */; };
		400C1DFD6298E809146CD459 /* Pods_EventTrackerTests.framework in Frameworks */ = {isa = PBXBuildFile; fileRef = A5E113B02ADC5CDBC17555AB /* Pods_EventTrackerTests.framework */; };
		5E3145FC28033B5200485ADC /* PosterModelLoader.swift in Sources */ = {isa = PBXBuildFile; fileRef = 5E3145F828033B5100485ADC /* PosterModelLoader.swift */; };
		5E3145FD28033B5200485ADC /* PosterViewModel.swift in Sources */ = {isa = PBXBuildFile; fileRef = 5E3145F928033B5100485ADC /* PosterViewModel.swift */; };
		5E3145FE28033B5200485ADC /* PosterManager.swift in Sources */ = {isa = PBXBuildFile; fileRef = 5E3145FA28033B5100485ADC /* PosterManager.swift */; };
		5E3145FF28033B5200485ADC /* PosterServiceModel.swift in Sources */ = {isa = PBXBuildFile; fileRef = 5E3145FB28033B5100485ADC /* PosterServiceModel.swift */; };
		5E31460128033B8700485ADC /* PosterViewModelManager.swift in Sources */ = {isa = PBXBuildFile; fileRef = 5E31460028033B8700485ADC /* PosterViewModelManager.swift */; };
		5E31460328033C5800485ADC /* AlertManager.swift in Sources */ = {isa = PBXBuildFile; fileRef = 5E31460228033C5800485ADC /* AlertManager.swift */; };
		5E31460528033C9900485ADC /* EntertaimentTableViewCell.swift in Sources */ = {isa = PBXBuildFile; fileRef = 5E31460428033C9900485ADC /* EntertaimentTableViewCell.swift */; };
		5E3146162803547100485ADC /* FilterInteractorInputMock.swift in Sources */ = {isa = PBXBuildFile; fileRef = 5E3146142803547100485ADC /* FilterInteractorInputMock.swift */; };
		5E3146172803547100485ADC /* FilterRouterInputMock.swift in Sources */ = {isa = PBXBuildFile; fileRef = 5E3146152803547100485ADC /* FilterRouterInputMock.swift */; };
		5E3146222803551F00485ADC /* CitiesFilterInteractorInputMock.swift in Sources */ = {isa = PBXBuildFile; fileRef = 5E3146202803551F00485ADC /* CitiesFilterInteractorInputMock.swift */; };
		5E3146232803551F00485ADC /* CitiesFilterRouterInputMock.swift in Sources */ = {isa = PBXBuildFile; fileRef = 5E3146212803551F00485ADC /* CitiesFilterRouterInputMock.swift */; };
		5E3146242803568E00485ADC /* CategoriesFilterInteractorInputMock.swift in Sources */ = {isa = PBXBuildFile; fileRef = 5E31461E280354EF00485ADC /* CategoriesFilterInteractorInputMock.swift */; };
		5E3146252803569100485ADC /* CategoriesFilterRouterInputMock.swift in Sources */ = {isa = PBXBuildFile; fileRef = 5E31461D280354EE00485ADC /* CategoriesFilterRouterInputMock.swift */; };
		5E3D9FD92801E3B100BD9322 /* FilterPresenter.swift in Sources */ = {isa = PBXBuildFile; fileRef = 5E3D9FD32801E3B100BD9322 /* FilterPresenter.swift */; };
		5E3D9FDA2801E3B100BD9322 /* FilterRouter.swift in Sources */ = {isa = PBXBuildFile; fileRef = 5E3D9FD42801E3B100BD9322 /* FilterRouter.swift */; };
		5E3D9FDB2801E3B100BD9322 /* FilterViewController.swift in Sources */ = {isa = PBXBuildFile; fileRef = 5E3D9FD52801E3B100BD9322 /* FilterViewController.swift */; };
		5E3D9FDC2801E3B100BD9322 /* FilterProtocols.swift in Sources */ = {isa = PBXBuildFile; fileRef = 5E3D9FD62801E3B100BD9322 /* FilterProtocols.swift */; };
		5E3D9FDD2801E3B100BD9322 /* FilterInteractor.swift in Sources */ = {isa = PBXBuildFile; fileRef = 5E3D9FD72801E3B100BD9322 /* FilterInteractor.swift */; };
		5E3D9FDE2801E3B100BD9322 /* FilterContainer.swift in Sources */ = {isa = PBXBuildFile; fileRef = 5E3D9FD82801E3B100BD9322 /* FilterContainer.swift */; };
		5E3D9FE12801E47500BD9322 /* FilterTableViewCell.swift in Sources */ = {isa = PBXBuildFile; fileRef = 5E3D9FE02801E47500BD9322 /* FilterTableViewCell.swift */; };
		5E3D9FE32801E49300BD9322 /* FilterInfo.swift in Sources */ = {isa = PBXBuildFile; fileRef = 5E3D9FE22801E49300BD9322 /* FilterInfo.swift */; };
		5E3D9FE52801E4F900BD9322 /* ServiceData.swift in Sources */ = {isa = PBXBuildFile; fileRef = 5E3D9FE42801E4F900BD9322 /* ServiceData.swift */; };
		5E3D9FE82801F68600BD9322 /* CustomButtonBuilder.swift in Sources */ = {isa = PBXBuildFile; fileRef = 5E3D9FE72801F68600BD9322 /* CustomButtonBuilder.swift */; };
		5E3D9FF02801FA0300BD9322 /* CitiesFilterPresenter.swift in Sources */ = {isa = PBXBuildFile; fileRef = 5E3D9FEA2801FA0300BD9322 /* CitiesFilterPresenter.swift */; };
		5E3D9FF12801FA0300BD9322 /* CitiesFilterRouter.swift in Sources */ = {isa = PBXBuildFile; fileRef = 5E3D9FEB2801FA0300BD9322 /* CitiesFilterRouter.swift */; };
		5E3D9FF22801FA0300BD9322 /* CitiesFilterViewController.swift in Sources */ = {isa = PBXBuildFile; fileRef = 5E3D9FEC2801FA0300BD9322 /* CitiesFilterViewController.swift */; };
		5E3D9FF32801FA0300BD9322 /* CitiesFilterProtocols.swift in Sources */ = {isa = PBXBuildFile; fileRef = 5E3D9FED2801FA0300BD9322 /* CitiesFilterProtocols.swift */; };
		5E3D9FF42801FA0300BD9322 /* CitiesFilterInteractor.swift in Sources */ = {isa = PBXBuildFile; fileRef = 5E3D9FEE2801FA0300BD9322 /* CitiesFilterInteractor.swift */; };
		5E3D9FF52801FA0300BD9322 /* CitiesFilterContainer.swift in Sources */ = {isa = PBXBuildFile; fileRef = 5E3D9FEF2801FA0300BD9322 /* CitiesFilterContainer.swift */; };
		5E3D9FF72801FA6700BD9322 /* CitiesFilterCell.swift in Sources */ = {isa = PBXBuildFile; fileRef = 5E3D9FF62801FA6700BD9322 /* CitiesFilterCell.swift */; };
		5E3D9FFE28020AC300BD9322 /* CategoriesFilterPresenter.swift in Sources */ = {isa = PBXBuildFile; fileRef = 5E3D9FF828020AC300BD9322 /* CategoriesFilterPresenter.swift */; };
		5E3D9FFF28020AC300BD9322 /* CategoriesFilterRouter.swift in Sources */ = {isa = PBXBuildFile; fileRef = 5E3D9FF928020AC300BD9322 /* CategoriesFilterRouter.swift */; };
		5E3DA00028020AC300BD9322 /* CategoriesFilterViewController.swift in Sources */ = {isa = PBXBuildFile; fileRef = 5E3D9FFA28020AC300BD9322 /* CategoriesFilterViewController.swift */; };
		5E3DA00128020AC300BD9322 /* CategoriesFilterProtocols.swift in Sources */ = {isa = PBXBuildFile; fileRef = 5E3D9FFB28020AC300BD9322 /* CategoriesFilterProtocols.swift */; };
		5E3DA00228020AC300BD9322 /* CategoriesFilterInteractor.swift in Sources */ = {isa = PBXBuildFile; fileRef = 5E3D9FFC28020AC300BD9322 /* CategoriesFilterInteractor.swift */; };
		5E3DA00328020AC300BD9322 /* CategoriesFilterContainer.swift in Sources */ = {isa = PBXBuildFile; fileRef = 5E3D9FFD28020AC300BD9322 /* CategoriesFilterContainer.swift */; };
		5E3DA00628020B2900BD9322 /* CategoriesFilterCell.swift in Sources */ = {isa = PBXBuildFile; fileRef = 5E3DA00528020B2900BD9322 /* CategoriesFilterCell.swift */; };
		5E5199DD280C7CFD00A2298B /* UserProfileManager.swift in Sources */ = {isa = PBXBuildFile; fileRef = 5E5199DC280C7CFD00A2298B /* UserProfileManager.swift */; };
		5E5199E2280C8B1700A2298B /* ServiceData.swift in Sources */ = {isa = PBXBuildFile; fileRef = 5E3D9FE42801E4F900BD9322 /* ServiceData.swift */; };
		5E5199EC280C8F1B00A2298B /* ChangeUserProfilePresenter.swift in Sources */ = {isa = PBXBuildFile; fileRef = 5E5199E6280C8F1B00A2298B /* ChangeUserProfilePresenter.swift */; };
		5E5199ED280C8F1B00A2298B /* ChangeUserProfileRouter.swift in Sources */ = {isa = PBXBuildFile; fileRef = 5E5199E7280C8F1B00A2298B /* ChangeUserProfileRouter.swift */; };
		5E5199EE280C8F1B00A2298B /* ChangeUserProfileViewController.swift in Sources */ = {isa = PBXBuildFile; fileRef = 5E5199E8280C8F1B00A2298B /* ChangeUserProfileViewController.swift */; };
		5E5199EF280C8F1B00A2298B /* ChangeUserProfileProtocols.swift in Sources */ = {isa = PBXBuildFile; fileRef = 5E5199E9280C8F1B00A2298B /* ChangeUserProfileProtocols.swift */; };
		5E5199F0280C8F1B00A2298B /* ChangeUserProfileInteractor.swift in Sources */ = {isa = PBXBuildFile; fileRef = 5E5199EA280C8F1B00A2298B /* ChangeUserProfileInteractor.swift */; };
		5E5199F1280C8F1B00A2298B /* ChangeUserProfileContainer.swift in Sources */ = {isa = PBXBuildFile; fileRef = 5E5199EB280C8F1B00A2298B /* ChangeUserProfileContainer.swift */; };
		5E89F95827E63E0C00BF6F1F /* AppDelegate.swift in Sources */ = {isa = PBXBuildFile; fileRef = 5E89F95727E63E0C00BF6F1F /* AppDelegate.swift */; };
		5E89F95A27E63E0C00BF6F1F /* SceneDelegate.swift in Sources */ = {isa = PBXBuildFile; fileRef = 5E89F95927E63E0C00BF6F1F /* SceneDelegate.swift */; };
		5E89F95C27E63E0C00BF6F1F /* ViewController.swift in Sources */ = {isa = PBXBuildFile; fileRef = 5E89F95B27E63E0C00BF6F1F /* ViewController.swift */; };
		5E89F95F27E63E0C00BF6F1F /* Main.storyboard in Resources */ = {isa = PBXBuildFile; fileRef = 5E89F95D27E63E0C00BF6F1F /* Main.storyboard */; };
		5E89F96127E63E1000BF6F1F /* Assets.xcassets in Resources */ = {isa = PBXBuildFile; fileRef = 5E89F96027E63E1000BF6F1F /* Assets.xcassets */; };
		5E89F96427E63E1000BF6F1F /* LaunchScreen.storyboard in Resources */ = {isa = PBXBuildFile; fileRef = 5E89F96227E63E1000BF6F1F /* LaunchScreen.storyboard */; };
		5E89F96F27E63E1000BF6F1F /* EventTrackerTests.swift in Sources */ = {isa = PBXBuildFile; fileRef = 5E89F96E27E63E1000BF6F1F /* EventTrackerTests.swift */; };
		5E89F97927E63E1000BF6F1F /* EventTrackerUITests.swift in Sources */ = {isa = PBXBuildFile; fileRef = 5E89F97827E63E1000BF6F1F /* EventTrackerUITests.swift */; };
		5E89F97B27E63E1000BF6F1F /* EventTrackerUITestsLaunchTests.swift in Sources */ = {isa = PBXBuildFile; fileRef = 5E89F97A27E63E1000BF6F1F /* EventTrackerUITestsLaunchTests.swift */; };
		5E89F98E27E63EEE00BF6F1F /* PosterPresenter.swift in Sources */ = {isa = PBXBuildFile; fileRef = 5E89F98827E63EEE00BF6F1F /* PosterPresenter.swift */; };
		5E89F98F27E63EEE00BF6F1F /* PosterRouter.swift in Sources */ = {isa = PBXBuildFile; fileRef = 5E89F98927E63EEE00BF6F1F /* PosterRouter.swift */; };
		5E89F99027E63EEE00BF6F1F /* PosterViewController.swift in Sources */ = {isa = PBXBuildFile; fileRef = 5E89F98A27E63EEE00BF6F1F /* PosterViewController.swift */; };
		5E89F99127E63EEE00BF6F1F /* PosterProtocols.swift in Sources */ = {isa = PBXBuildFile; fileRef = 5E89F98B27E63EEE00BF6F1F /* PosterProtocols.swift */; };
		5E89F99227E63EEE00BF6F1F /* PosterInteractor.swift in Sources */ = {isa = PBXBuildFile; fileRef = 5E89F98C27E63EEE00BF6F1F /* PosterInteractor.swift */; };
		5E89F99327E63EEE00BF6F1F /* PosterContainer.swift in Sources */ = {isa = PBXBuildFile; fileRef = 5E89F98D27E63EEE00BF6F1F /* PosterContainer.swift */; };
		5E89F99C27E63F0C00BF6F1F /* FavoritesPresenter.swift in Sources */ = {isa = PBXBuildFile; fileRef = 5E89F99627E63F0C00BF6F1F /* FavoritesPresenter.swift */; };
		5E89F99D27E63F0C00BF6F1F /* FavoritesRouter.swift in Sources */ = {isa = PBXBuildFile; fileRef = 5E89F99727E63F0C00BF6F1F /* FavoritesRouter.swift */; };
		5E89F99E27E63F0C00BF6F1F /* FavoritesViewController.swift in Sources */ = {isa = PBXBuildFile; fileRef = 5E89F99827E63F0C00BF6F1F /* FavoritesViewController.swift */; };
		5E89F99F27E63F0C00BF6F1F /* FavoritesProtocols.swift in Sources */ = {isa = PBXBuildFile; fileRef = 5E89F99927E63F0C00BF6F1F /* FavoritesProtocols.swift */; };
		5E89F9A027E63F0C00BF6F1F /* FavoritesInteractor.swift in Sources */ = {isa = PBXBuildFile; fileRef = 5E89F99A27E63F0C00BF6F1F /* FavoritesInteractor.swift */; };
		5E89F9A127E63F0C00BF6F1F /* FavoritesContainer.swift in Sources */ = {isa = PBXBuildFile; fileRef = 5E89F99B27E63F0C00BF6F1F /* FavoritesContainer.swift */; };
		5E89F9A927E63F1C00BF6F1F /* MapPresenter.swift in Sources */ = {isa = PBXBuildFile; fileRef = 5E89F9A327E63F1C00BF6F1F /* MapPresenter.swift */; };
		5E89F9AA27E63F1C00BF6F1F /* MapRouter.swift in Sources */ = {isa = PBXBuildFile; fileRef = 5E89F9A427E63F1C00BF6F1F /* MapRouter.swift */; };
		5E89F9AB27E63F1C00BF6F1F /* MapViewController.swift in Sources */ = {isa = PBXBuildFile; fileRef = 5E89F9A527E63F1C00BF6F1F /* MapViewController.swift */; };
		5E89F9AC27E63F1C00BF6F1F /* MapProtocols.swift in Sources */ = {isa = PBXBuildFile; fileRef = 5E89F9A627E63F1C00BF6F1F /* MapProtocols.swift */; };
		5E89F9AD27E63F1C00BF6F1F /* MapInteractor.swift in Sources */ = {isa = PBXBuildFile; fileRef = 5E89F9A727E63F1C00BF6F1F /* MapInteractor.swift */; };
		5E89F9AE27E63F1C00BF6F1F /* MapContainer.swift in Sources */ = {isa = PBXBuildFile; fileRef = 5E89F9A827E63F1C00BF6F1F /* MapContainer.swift */; };
		5E89F9B627E63F3300BF6F1F /* ProfilePresenter.swift in Sources */ = {isa = PBXBuildFile; fileRef = 5E89F9B027E63F3300BF6F1F /* ProfilePresenter.swift */; };
		5E89F9B727E63F3300BF6F1F /* ProfileRouter.swift in Sources */ = {isa = PBXBuildFile; fileRef = 5E89F9B127E63F3300BF6F1F /* ProfileRouter.swift */; };
		5E89F9B827E63F3300BF6F1F /* ProfileViewController.swift in Sources */ = {isa = PBXBuildFile; fileRef = 5E89F9B227E63F3300BF6F1F /* ProfileViewController.swift */; };
		5E89F9B927E63F3300BF6F1F /* ProfileProtocols.swift in Sources */ = {isa = PBXBuildFile; fileRef = 5E89F9B327E63F3300BF6F1F /* ProfileProtocols.swift */; };
		5E89F9BA27E63F3300BF6F1F /* ProfileInteractor.swift in Sources */ = {isa = PBXBuildFile; fileRef = 5E89F9B427E63F3300BF6F1F /* ProfileInteractor.swift */; };
		5E89F9BB27E63F3300BF6F1F /* ProfileContainer.swift in Sources */ = {isa = PBXBuildFile; fileRef = 5E89F9B527E63F3300BF6F1F /* ProfileContainer.swift */; };
		5EB657A02806ED88006C21F6 /* GoogleService-Info.plist in Resources */ = {isa = PBXBuildFile; fileRef = 5EB6579F2806ED88006C21F6 /* GoogleService-Info.plist */; };
		5EB657A12806ED88006C21F6 /* GoogleService-Info.plist in Resources */ = {isa = PBXBuildFile; fileRef = 5EB6579F2806ED88006C21F6 /* GoogleService-Info.plist */; };
		5EB657A22806ED88006C21F6 /* GoogleService-Info.plist in Resources */ = {isa = PBXBuildFile; fileRef = 5EB6579F2806ED88006C21F6 /* GoogleService-Info.plist */; };
		5EB657AA2806F07F006C21F6 /* LoginPresenter.swift in Sources */ = {isa = PBXBuildFile; fileRef = 5EB657A42806F07F006C21F6 /* LoginPresenter.swift */; };
		5EB657AB2806F07F006C21F6 /* LoginPresenter.swift in Sources */ = {isa = PBXBuildFile; fileRef = 5EB657A42806F07F006C21F6 /* LoginPresenter.swift */; };
		5EB657AD2806F07F006C21F6 /* LoginRouter.swift in Sources */ = {isa = PBXBuildFile; fileRef = 5EB657A52806F07F006C21F6 /* LoginRouter.swift */; };
		5EB657AE2806F07F006C21F6 /* LoginRouter.swift in Sources */ = {isa = PBXBuildFile; fileRef = 5EB657A52806F07F006C21F6 /* LoginRouter.swift */; };
		5EB657AF2806F07F006C21F6 /* LoginRouter.swift in Sources */ = {isa = PBXBuildFile; fileRef = 5EB657A52806F07F006C21F6 /* LoginRouter.swift */; };
		5EB657B02806F07F006C21F6 /* LoginViewController.swift in Sources */ = {isa = PBXBuildFile; fileRef = 5EB657A62806F07F006C21F6 /* LoginViewController.swift */; };
		5EB657B12806F07F006C21F6 /* LoginViewController.swift in Sources */ = {isa = PBXBuildFile; fileRef = 5EB657A62806F07F006C21F6 /* LoginViewController.swift */; };
		5EB657B22806F07F006C21F6 /* LoginViewController.swift in Sources */ = {isa = PBXBuildFile; fileRef = 5EB657A62806F07F006C21F6 /* LoginViewController.swift */; };
		5EB657B32806F07F006C21F6 /* LoginProtocols.swift in Sources */ = {isa = PBXBuildFile; fileRef = 5EB657A72806F07F006C21F6 /* LoginProtocols.swift */; };
		5EB657B42806F07F006C21F6 /* LoginProtocols.swift in Sources */ = {isa = PBXBuildFile; fileRef = 5EB657A72806F07F006C21F6 /* LoginProtocols.swift */; };
		5EB657B52806F07F006C21F6 /* LoginProtocols.swift in Sources */ = {isa = PBXBuildFile; fileRef = 5EB657A72806F07F006C21F6 /* LoginProtocols.swift */; };
		5EB657B62806F07F006C21F6 /* LoginInteractor.swift in Sources */ = {isa = PBXBuildFile; fileRef = 5EB657A82806F07F006C21F6 /* LoginInteractor.swift */; };
		5EB657B72806F07F006C21F6 /* LoginInteractor.swift in Sources */ = {isa = PBXBuildFile; fileRef = 5EB657A82806F07F006C21F6 /* LoginInteractor.swift */; };
		5EB657B82806F07F006C21F6 /* LoginInteractor.swift in Sources */ = {isa = PBXBuildFile; fileRef = 5EB657A82806F07F006C21F6 /* LoginInteractor.swift */; };
		5EB657B92806F07F006C21F6 /* LoginContainer.swift in Sources */ = {isa = PBXBuildFile; fileRef = 5EB657A92806F07F006C21F6 /* LoginContainer.swift */; };
		5EB657BA2806F07F006C21F6 /* LoginContainer.swift in Sources */ = {isa = PBXBuildFile; fileRef = 5EB657A92806F07F006C21F6 /* LoginContainer.swift */; };
		5EB657BD2806F0E1006C21F6 /* LoginView.swift in Sources */ = {isa = PBXBuildFile; fileRef = 5EB657BC2806F0E1006C21F6 /* LoginView.swift */; };
		5EB657BE2806F0E1006C21F6 /* LoginView.swift in Sources */ = {isa = PBXBuildFile; fileRef = 5EB657BC2806F0E1006C21F6 /* LoginView.swift */; };
		5EB657BF2806F0E1006C21F6 /* LoginView.swift in Sources */ = {isa = PBXBuildFile; fileRef = 5EB657BC2806F0E1006C21F6 /* LoginView.swift */; };
		5EB657C12806F103006C21F6 /* UserData.swift in Sources */ = {isa = PBXBuildFile; fileRef = 5EB657C02806F103006C21F6 /* UserData.swift */; };
		5EB657C22806F103006C21F6 /* UserData.swift in Sources */ = {isa = PBXBuildFile; fileRef = 5EB657C02806F103006C21F6 /* UserData.swift */; };
		5EB657C32806F103006C21F6 /* UserData.swift in Sources */ = {isa = PBXBuildFile; fileRef = 5EB657C02806F103006C21F6 /* UserData.swift */; };
		5EB657C52806F3BC006C21F6 /* ProfileViewModel.swift in Sources */ = {isa = PBXBuildFile; fileRef = 5EB657C42806F3BC006C21F6 /* ProfileViewModel.swift */; };
		5EB657C62806F3BC006C21F6 /* ProfileViewModel.swift in Sources */ = {isa = PBXBuildFile; fileRef = 5EB657C42806F3BC006C21F6 /* ProfileViewModel.swift */; };
		5EB657C72806F3BC006C21F6 /* ProfileViewModel.swift in Sources */ = {isa = PBXBuildFile; fileRef = 5EB657C42806F3BC006C21F6 /* ProfileViewModel.swift */; };
		E7B22402C221BCC123FB6EF4 /* Pods_EventTracker.framework in Frameworks */ = {isa = PBXBuildFile; fileRef = AF4DDCE8C95F49B9419418B9 /* Pods_EventTracker.framework */; };
/* End PBXBuildFile section */

/* Begin PBXContainerItemProxy section */
		5E89F96B27E63E1000BF6F1F /* PBXContainerItemProxy */ = {
			isa = PBXContainerItemProxy;
			containerPortal = 5E89F94C27E63E0C00BF6F1F /* Project object */;
			proxyType = 1;
			remoteGlobalIDString = 5E89F95327E63E0C00BF6F1F;
			remoteInfo = EventTracker;
		};
		5E89F97527E63E1000BF6F1F /* PBXContainerItemProxy */ = {
			isa = PBXContainerItemProxy;
			containerPortal = 5E89F94C27E63E0C00BF6F1F /* Project object */;
			proxyType = 1;
			remoteGlobalIDString = 5E89F95327E63E0C00BF6F1F;
			remoteInfo = EventTracker;
		};
/* End PBXContainerItemProxy section */

/* Begin PBXFileReference section */
		07498AD82BBE2CA10733FB14 /* Pods-EventTracker.release.xcconfig */ = {isa = PBXFileReference; includeInIndex = 1; lastKnownFileType = text.xcconfig; name = "Pods-EventTracker.release.xcconfig"; path = "Target Support Files/Pods-EventTracker/Pods-EventTracker.release.xcconfig"; sourceTree = "<group>"; };
		5E3145F828033B5100485ADC /* PosterModelLoader.swift */ = {isa = PBXFileReference; fileEncoding = 4; lastKnownFileType = sourcecode.swift; path = PosterModelLoader.swift; sourceTree = "<group>"; };
		5E3145F928033B5100485ADC /* PosterViewModel.swift */ = {isa = PBXFileReference; fileEncoding = 4; lastKnownFileType = sourcecode.swift; path = PosterViewModel.swift; sourceTree = "<group>"; };
		5E3145FA28033B5100485ADC /* PosterManager.swift */ = {isa = PBXFileReference; fileEncoding = 4; lastKnownFileType = sourcecode.swift; path = PosterManager.swift; sourceTree = "<group>"; };
		5E3145FB28033B5100485ADC /* PosterServiceModel.swift */ = {isa = PBXFileReference; fileEncoding = 4; lastKnownFileType = sourcecode.swift; path = PosterServiceModel.swift; sourceTree = "<group>"; };
		5E31460028033B8700485ADC /* PosterViewModelManager.swift */ = {isa = PBXFileReference; fileEncoding = 4; lastKnownFileType = sourcecode.swift; path = PosterViewModelManager.swift; sourceTree = "<group>"; };
		5E31460228033C5800485ADC /* AlertManager.swift */ = {isa = PBXFileReference; lastKnownFileType = sourcecode.swift; path = AlertManager.swift; sourceTree = "<group>"; };
		5E31460428033C9900485ADC /* EntertaimentTableViewCell.swift */ = {isa = PBXFileReference; lastKnownFileType = sourcecode.swift; path = EntertaimentTableViewCell.swift; sourceTree = "<group>"; };
		5E3146142803547100485ADC /* FilterInteractorInputMock.swift */ = {isa = PBXFileReference; fileEncoding = 4; lastKnownFileType = sourcecode.swift; path = FilterInteractorInputMock.swift; sourceTree = "<group>"; };
		5E3146152803547100485ADC /* FilterRouterInputMock.swift */ = {isa = PBXFileReference; fileEncoding = 4; lastKnownFileType = sourcecode.swift; path = FilterRouterInputMock.swift; sourceTree = "<group>"; };
		5E31461D280354EE00485ADC /* CategoriesFilterRouterInputMock.swift */ = {isa = PBXFileReference; lastKnownFileType = sourcecode.swift; path = CategoriesFilterRouterInputMock.swift; sourceTree = "<group>"; };
		5E31461E280354EF00485ADC /* CategoriesFilterInteractorInputMock.swift */ = {isa = PBXFileReference; lastKnownFileType = sourcecode.swift; path = CategoriesFilterInteractorInputMock.swift; sourceTree = "<group>"; };
		5E3146202803551F00485ADC /* CitiesFilterInteractorInputMock.swift */ = {isa = PBXFileReference; fileEncoding = 4; lastKnownFileType = sourcecode.swift; path = CitiesFilterInteractorInputMock.swift; sourceTree = "<group>"; };
		5E3146212803551F00485ADC /* CitiesFilterRouterInputMock.swift */ = {isa = PBXFileReference; fileEncoding = 4; lastKnownFileType = sourcecode.swift; path = CitiesFilterRouterInputMock.swift; sourceTree = "<group>"; };
		5E3D9FD32801E3B100BD9322 /* FilterPresenter.swift */ = {isa = PBXFileReference; lastKnownFileType = sourcecode.swift; path = FilterPresenter.swift; sourceTree = "<group>"; };
		5E3D9FD42801E3B100BD9322 /* FilterRouter.swift */ = {isa = PBXFileReference; lastKnownFileType = sourcecode.swift; path = FilterRouter.swift; sourceTree = "<group>"; };
		5E3D9FD52801E3B100BD9322 /* FilterViewController.swift */ = {isa = PBXFileReference; lastKnownFileType = sourcecode.swift; path = FilterViewController.swift; sourceTree = "<group>"; };
		5E3D9FD62801E3B100BD9322 /* FilterProtocols.swift */ = {isa = PBXFileReference; lastKnownFileType = sourcecode.swift; path = FilterProtocols.swift; sourceTree = "<group>"; };
		5E3D9FD72801E3B100BD9322 /* FilterInteractor.swift */ = {isa = PBXFileReference; lastKnownFileType = sourcecode.swift; path = FilterInteractor.swift; sourceTree = "<group>"; };
		5E3D9FD82801E3B100BD9322 /* FilterContainer.swift */ = {isa = PBXFileReference; lastKnownFileType = sourcecode.swift; path = FilterContainer.swift; sourceTree = "<group>"; };
		5E3D9FE02801E47500BD9322 /* FilterTableViewCell.swift */ = {isa = PBXFileReference; lastKnownFileType = sourcecode.swift; path = FilterTableViewCell.swift; sourceTree = "<group>"; };
		5E3D9FE22801E49300BD9322 /* FilterInfo.swift */ = {isa = PBXFileReference; lastKnownFileType = sourcecode.swift; path = FilterInfo.swift; sourceTree = "<group>"; usesTabs = 0; };
		5E3D9FE42801E4F900BD9322 /* ServiceData.swift */ = {isa = PBXFileReference; lastKnownFileType = sourcecode.swift; path = ServiceData.swift; sourceTree = "<group>"; };
		5E3D9FE72801F68600BD9322 /* CustomButtonBuilder.swift */ = {isa = PBXFileReference; lastKnownFileType = sourcecode.swift; path = CustomButtonBuilder.swift; sourceTree = "<group>"; };
		5E3D9FEA2801FA0300BD9322 /* CitiesFilterPresenter.swift */ = {isa = PBXFileReference; lastKnownFileType = sourcecode.swift; path = CitiesFilterPresenter.swift; sourceTree = "<group>"; };
		5E3D9FEB2801FA0300BD9322 /* CitiesFilterRouter.swift */ = {isa = PBXFileReference; lastKnownFileType = sourcecode.swift; path = CitiesFilterRouter.swift; sourceTree = "<group>"; };
		5E3D9FEC2801FA0300BD9322 /* CitiesFilterViewController.swift */ = {isa = PBXFileReference; lastKnownFileType = sourcecode.swift; path = CitiesFilterViewController.swift; sourceTree = "<group>"; };
		5E3D9FED2801FA0300BD9322 /* CitiesFilterProtocols.swift */ = {isa = PBXFileReference; lastKnownFileType = sourcecode.swift; path = CitiesFilterProtocols.swift; sourceTree = "<group>"; };
		5E3D9FEE2801FA0300BD9322 /* CitiesFilterInteractor.swift */ = {isa = PBXFileReference; lastKnownFileType = sourcecode.swift; path = CitiesFilterInteractor.swift; sourceTree = "<group>"; };
		5E3D9FEF2801FA0300BD9322 /* CitiesFilterContainer.swift */ = {isa = PBXFileReference; lastKnownFileType = sourcecode.swift; path = CitiesFilterContainer.swift; sourceTree = "<group>"; };
		5E3D9FF62801FA6700BD9322 /* CitiesFilterCell.swift */ = {isa = PBXFileReference; lastKnownFileType = sourcecode.swift; path = CitiesFilterCell.swift; sourceTree = "<group>"; };
		5E3D9FF828020AC300BD9322 /* CategoriesFilterPresenter.swift */ = {isa = PBXFileReference; lastKnownFileType = sourcecode.swift; path = CategoriesFilterPresenter.swift; sourceTree = "<group>"; };
		5E3D9FF928020AC300BD9322 /* CategoriesFilterRouter.swift */ = {isa = PBXFileReference; lastKnownFileType = sourcecode.swift; path = CategoriesFilterRouter.swift; sourceTree = "<group>"; };
		5E3D9FFA28020AC300BD9322 /* CategoriesFilterViewController.swift */ = {isa = PBXFileReference; lastKnownFileType = sourcecode.swift; path = CategoriesFilterViewController.swift; sourceTree = "<group>"; };
		5E3D9FFB28020AC300BD9322 /* CategoriesFilterProtocols.swift */ = {isa = PBXFileReference; lastKnownFileType = sourcecode.swift; path = CategoriesFilterProtocols.swift; sourceTree = "<group>"; };
		5E3D9FFC28020AC300BD9322 /* CategoriesFilterInteractor.swift */ = {isa = PBXFileReference; lastKnownFileType = sourcecode.swift; path = CategoriesFilterInteractor.swift; sourceTree = "<group>"; };
		5E3D9FFD28020AC300BD9322 /* CategoriesFilterContainer.swift */ = {isa = PBXFileReference; lastKnownFileType = sourcecode.swift; path = CategoriesFilterContainer.swift; sourceTree = "<group>"; };
		5E3DA00528020B2900BD9322 /* CategoriesFilterCell.swift */ = {isa = PBXFileReference; lastKnownFileType = sourcecode.swift; path = CategoriesFilterCell.swift; sourceTree = "<group>"; };
		5E5199DC280C7CFD00A2298B /* UserProfileManager.swift */ = {isa = PBXFileReference; lastKnownFileType = sourcecode.swift; path = UserProfileManager.swift; sourceTree = "<group>"; };
		5E5199E6280C8F1B00A2298B /* ChangeUserProfilePresenter.swift */ = {isa = PBXFileReference; lastKnownFileType = sourcecode.swift; path = ChangeUserProfilePresenter.swift; sourceTree = "<group>"; };
		5E5199E7280C8F1B00A2298B /* ChangeUserProfileRouter.swift */ = {isa = PBXFileReference; lastKnownFileType = sourcecode.swift; path = ChangeUserProfileRouter.swift; sourceTree = "<group>"; };
		5E5199E8280C8F1B00A2298B /* ChangeUserProfileViewController.swift */ = {isa = PBXFileReference; lastKnownFileType = sourcecode.swift; path = ChangeUserProfileViewController.swift; sourceTree = "<group>"; };
		5E5199E9280C8F1B00A2298B /* ChangeUserProfileProtocols.swift */ = {isa = PBXFileReference; lastKnownFileType = sourcecode.swift; path = ChangeUserProfileProtocols.swift; sourceTree = "<group>"; };
		5E5199EA280C8F1B00A2298B /* ChangeUserProfileInteractor.swift */ = {isa = PBXFileReference; lastKnownFileType = sourcecode.swift; path = ChangeUserProfileInteractor.swift; sourceTree = "<group>"; };
		5E5199EB280C8F1B00A2298B /* ChangeUserProfileContainer.swift */ = {isa = PBXFileReference; lastKnownFileType = sourcecode.swift; path = ChangeUserProfileContainer.swift; sourceTree = "<group>"; };
		5E89F95427E63E0C00BF6F1F /* EventTracker.app */ = {isa = PBXFileReference; explicitFileType = wrapper.application; includeInIndex = 0; path = EventTracker.app; sourceTree = BUILT_PRODUCTS_DIR; };
		5E89F95727E63E0C00BF6F1F /* AppDelegate.swift */ = {isa = PBXFileReference; lastKnownFileType = sourcecode.swift; path = AppDelegate.swift; sourceTree = "<group>"; };
		5E89F95927E63E0C00BF6F1F /* SceneDelegate.swift */ = {isa = PBXFileReference; lastKnownFileType = sourcecode.swift; path = SceneDelegate.swift; sourceTree = "<group>"; };
		5E89F95B27E63E0C00BF6F1F /* ViewController.swift */ = {isa = PBXFileReference; lastKnownFileType = sourcecode.swift; path = ViewController.swift; sourceTree = "<group>"; };
		5E89F95E27E63E0C00BF6F1F /* Base */ = {isa = PBXFileReference; lastKnownFileType = file.storyboard; name = Base; path = Base.lproj/Main.storyboard; sourceTree = "<group>"; };
		5E89F96027E63E1000BF6F1F /* Assets.xcassets */ = {isa = PBXFileReference; lastKnownFileType = folder.assetcatalog; path = Assets.xcassets; sourceTree = "<group>"; };
		5E89F96327E63E1000BF6F1F /* Base */ = {isa = PBXFileReference; lastKnownFileType = file.storyboard; name = Base; path = Base.lproj/LaunchScreen.storyboard; sourceTree = "<group>"; };
		5E89F96527E63E1000BF6F1F /* Info.plist */ = {isa = PBXFileReference; lastKnownFileType = text.plist.xml; path = Info.plist; sourceTree = "<group>"; };
		5E89F96A27E63E1000BF6F1F /* EventTrackerTests.xctest */ = {isa = PBXFileReference; explicitFileType = wrapper.cfbundle; includeInIndex = 0; path = EventTrackerTests.xctest; sourceTree = BUILT_PRODUCTS_DIR; };
		5E89F96E27E63E1000BF6F1F /* EventTrackerTests.swift */ = {isa = PBXFileReference; lastKnownFileType = sourcecode.swift; path = EventTrackerTests.swift; sourceTree = "<group>"; };
		5E89F97427E63E1000BF6F1F /* EventTrackerUITests.xctest */ = {isa = PBXFileReference; explicitFileType = wrapper.cfbundle; includeInIndex = 0; path = EventTrackerUITests.xctest; sourceTree = BUILT_PRODUCTS_DIR; };
		5E89F97827E63E1000BF6F1F /* EventTrackerUITests.swift */ = {isa = PBXFileReference; lastKnownFileType = sourcecode.swift; path = EventTrackerUITests.swift; sourceTree = "<group>"; };
		5E89F97A27E63E1000BF6F1F /* EventTrackerUITestsLaunchTests.swift */ = {isa = PBXFileReference; lastKnownFileType = sourcecode.swift; path = EventTrackerUITestsLaunchTests.swift; sourceTree = "<group>"; };
		5E89F98827E63EEE00BF6F1F /* PosterPresenter.swift */ = {isa = PBXFileReference; lastKnownFileType = sourcecode.swift; path = PosterPresenter.swift; sourceTree = "<group>"; };
		5E89F98927E63EEE00BF6F1F /* PosterRouter.swift */ = {isa = PBXFileReference; lastKnownFileType = sourcecode.swift; path = PosterRouter.swift; sourceTree = "<group>"; };
		5E89F98A27E63EEE00BF6F1F /* PosterViewController.swift */ = {isa = PBXFileReference; lastKnownFileType = sourcecode.swift; path = PosterViewController.swift; sourceTree = "<group>"; };
		5E89F98B27E63EEE00BF6F1F /* PosterProtocols.swift */ = {isa = PBXFileReference; lastKnownFileType = sourcecode.swift; path = PosterProtocols.swift; sourceTree = "<group>"; };
		5E89F98C27E63EEE00BF6F1F /* PosterInteractor.swift */ = {isa = PBXFileReference; lastKnownFileType = sourcecode.swift; path = PosterInteractor.swift; sourceTree = "<group>"; };
		5E89F98D27E63EEE00BF6F1F /* PosterContainer.swift */ = {isa = PBXFileReference; lastKnownFileType = sourcecode.swift; path = PosterContainer.swift; sourceTree = "<group>"; };
		5E89F99627E63F0C00BF6F1F /* FavoritesPresenter.swift */ = {isa = PBXFileReference; lastKnownFileType = sourcecode.swift; path = FavoritesPresenter.swift; sourceTree = "<group>"; };
		5E89F99727E63F0C00BF6F1F /* FavoritesRouter.swift */ = {isa = PBXFileReference; lastKnownFileType = sourcecode.swift; path = FavoritesRouter.swift; sourceTree = "<group>"; };
		5E89F99827E63F0C00BF6F1F /* FavoritesViewController.swift */ = {isa = PBXFileReference; lastKnownFileType = sourcecode.swift; path = FavoritesViewController.swift; sourceTree = "<group>"; };
		5E89F99927E63F0C00BF6F1F /* FavoritesProtocols.swift */ = {isa = PBXFileReference; lastKnownFileType = sourcecode.swift; path = FavoritesProtocols.swift; sourceTree = "<group>"; };
		5E89F99A27E63F0C00BF6F1F /* FavoritesInteractor.swift */ = {isa = PBXFileReference; lastKnownFileType = sourcecode.swift; path = FavoritesInteractor.swift; sourceTree = "<group>"; };
		5E89F99B27E63F0C00BF6F1F /* FavoritesContainer.swift */ = {isa = PBXFileReference; lastKnownFileType = sourcecode.swift; path = FavoritesContainer.swift; sourceTree = "<group>"; };
		5E89F9A327E63F1C00BF6F1F /* MapPresenter.swift */ = {isa = PBXFileReference; lastKnownFileType = sourcecode.swift; path = MapPresenter.swift; sourceTree = "<group>"; };
		5E89F9A427E63F1C00BF6F1F /* MapRouter.swift */ = {isa = PBXFileReference; lastKnownFileType = sourcecode.swift; path = MapRouter.swift; sourceTree = "<group>"; };
		5E89F9A527E63F1C00BF6F1F /* MapViewController.swift */ = {isa = PBXFileReference; lastKnownFileType = sourcecode.swift; path = MapViewController.swift; sourceTree = "<group>"; };
		5E89F9A627E63F1C00BF6F1F /* MapProtocols.swift */ = {isa = PBXFileReference; lastKnownFileType = sourcecode.swift; path = MapProtocols.swift; sourceTree = "<group>"; };
		5E89F9A727E63F1C00BF6F1F /* MapInteractor.swift */ = {isa = PBXFileReference; lastKnownFileType = sourcecode.swift; path = MapInteractor.swift; sourceTree = "<group>"; };
		5E89F9A827E63F1C00BF6F1F /* MapContainer.swift */ = {isa = PBXFileReference; lastKnownFileType = sourcecode.swift; path = MapContainer.swift; sourceTree = "<group>"; };
		5E89F9B027E63F3300BF6F1F /* ProfilePresenter.swift */ = {isa = PBXFileReference; lastKnownFileType = sourcecode.swift; path = ProfilePresenter.swift; sourceTree = "<group>"; };
		5E89F9B127E63F3300BF6F1F /* ProfileRouter.swift */ = {isa = PBXFileReference; lastKnownFileType = sourcecode.swift; path = ProfileRouter.swift; sourceTree = "<group>"; };
		5E89F9B227E63F3300BF6F1F /* ProfileViewController.swift */ = {isa = PBXFileReference; lastKnownFileType = sourcecode.swift; path = ProfileViewController.swift; sourceTree = "<group>"; };
		5E89F9B327E63F3300BF6F1F /* ProfileProtocols.swift */ = {isa = PBXFileReference; lastKnownFileType = sourcecode.swift; path = ProfileProtocols.swift; sourceTree = "<group>"; };
		5E89F9B427E63F3300BF6F1F /* ProfileInteractor.swift */ = {isa = PBXFileReference; lastKnownFileType = sourcecode.swift; path = ProfileInteractor.swift; sourceTree = "<group>"; };
		5E89F9B527E63F3300BF6F1F /* ProfileContainer.swift */ = {isa = PBXFileReference; lastKnownFileType = sourcecode.swift; path = ProfileContainer.swift; sourceTree = "<group>"; };
		5EB6579F2806ED88006C21F6 /* GoogleService-Info.plist */ = {isa = PBXFileReference; fileEncoding = 4; lastKnownFileType = text.plist.xml; name = "GoogleService-Info.plist"; path = "../../../Downloads/GoogleService-Info.plist"; sourceTree = "<group>"; };
		5EB657A42806F07F006C21F6 /* LoginPresenter.swift */ = {isa = PBXFileReference; lastKnownFileType = sourcecode.swift; path = LoginPresenter.swift; sourceTree = "<group>"; };
		5EB657A52806F07F006C21F6 /* LoginRouter.swift */ = {isa = PBXFileReference; lastKnownFileType = sourcecode.swift; path = LoginRouter.swift; sourceTree = "<group>"; };
		5EB657A62806F07F006C21F6 /* LoginViewController.swift */ = {isa = PBXFileReference; lastKnownFileType = sourcecode.swift; path = LoginViewController.swift; sourceTree = "<group>"; };
		5EB657A72806F07F006C21F6 /* LoginProtocols.swift */ = {isa = PBXFileReference; lastKnownFileType = sourcecode.swift; path = LoginProtocols.swift; sourceTree = "<group>"; };
		5EB657A82806F07F006C21F6 /* LoginInteractor.swift */ = {isa = PBXFileReference; lastKnownFileType = sourcecode.swift; path = LoginInteractor.swift; sourceTree = "<group>"; };
		5EB657A92806F07F006C21F6 /* LoginContainer.swift */ = {isa = PBXFileReference; lastKnownFileType = sourcecode.swift; path = LoginContainer.swift; sourceTree = "<group>"; };
		5EB657BC2806F0E1006C21F6 /* LoginView.swift */ = {isa = PBXFileReference; lastKnownFileType = sourcecode.swift; path = LoginView.swift; sourceTree = "<group>"; };
		5EB657C02806F103006C21F6 /* UserData.swift */ = {isa = PBXFileReference; lastKnownFileType = sourcecode.swift; path = UserData.swift; sourceTree = "<group>"; };
		5EB657C42806F3BC006C21F6 /* ProfileViewModel.swift */ = {isa = PBXFileReference; lastKnownFileType = sourcecode.swift; path = ProfileViewModel.swift; sourceTree = "<group>"; };
		63A61CBD918D051A001BA066 /* Pods-EventTrackerTests.release.xcconfig */ = {isa = PBXFileReference; includeInIndex = 1; lastKnownFileType = text.xcconfig; name = "Pods-EventTrackerTests.release.xcconfig"; path = "Target Support Files/Pods-EventTrackerTests/Pods-EventTrackerTests.release.xcconfig"; sourceTree = "<group>"; };
		84C4AFCD28996FAFA6E1A4F2 /* Pods-EventTracker-EventTrackerUITests.debug.xcconfig */ = {isa = PBXFileReference; includeInIndex = 1; lastKnownFileType = text.xcconfig; name = "Pods-EventTracker-EventTrackerUITests.debug.xcconfig"; path = "Target Support Files/Pods-EventTracker-EventTrackerUITests/Pods-EventTracker-EventTrackerUITests.debug.xcconfig"; sourceTree = "<group>"; };
		953F2A32B4EEA73A73CCE08A /* Pods-EventTracker.debug.xcconfig */ = {isa = PBXFileReference; includeInIndex = 1; lastKnownFileType = text.xcconfig; name = "Pods-EventTracker.debug.xcconfig"; path = "Target Support Files/Pods-EventTracker/Pods-EventTracker.debug.xcconfig"; sourceTree = "<group>"; };
		A5E113B02ADC5CDBC17555AB /* Pods_EventTrackerTests.framework */ = {isa = PBXFileReference; explicitFileType = wrapper.framework; includeInIndex = 0; path = Pods_EventTrackerTests.framework; sourceTree = BUILT_PRODUCTS_DIR; };
		AF4DDCE8C95F49B9419418B9 /* Pods_EventTracker.framework */ = {isa = PBXFileReference; explicitFileType = wrapper.framework; includeInIndex = 0; path = Pods_EventTracker.framework; sourceTree = BUILT_PRODUCTS_DIR; };
		BDEBA0AF5F8BE977D84AE0C0 /* Pods_EventTracker_EventTrackerUITests.framework */ = {isa = PBXFileReference; explicitFileType = wrapper.framework; includeInIndex = 0; path = Pods_EventTracker_EventTrackerUITests.framework; sourceTree = BUILT_PRODUCTS_DIR; };
		E42521A77D05CC7020A82913 /* Pods-EventTrackerTests.debug.xcconfig */ = {isa = PBXFileReference; includeInIndex = 1; lastKnownFileType = text.xcconfig; name = "Pods-EventTrackerTests.debug.xcconfig"; path = "Target Support Files/Pods-EventTrackerTests/Pods-EventTrackerTests.debug.xcconfig"; sourceTree = "<group>"; };
		E473EACB0C887A8A6ED77BEA /* Pods-EventTracker-EventTrackerUITests.release.xcconfig */ = {isa = PBXFileReference; includeInIndex = 1; lastKnownFileType = text.xcconfig; name = "Pods-EventTracker-EventTrackerUITests.release.xcconfig"; path = "Target Support Files/Pods-EventTracker-EventTrackerUITests/Pods-EventTracker-EventTrackerUITests.release.xcconfig"; sourceTree = "<group>"; };
/* End PBXFileReference section */

/* Begin PBXFrameworksBuildPhase section */
		5E89F95127E63E0C00BF6F1F /* Frameworks */ = {
			isa = PBXFrameworksBuildPhase;
			buildActionMask = 2147483647;
			files = (
				E7B22402C221BCC123FB6EF4 /* Pods_EventTracker.framework in Frameworks */,
			);
			runOnlyForDeploymentPostprocessing = 0;
		};
		5E89F96727E63E1000BF6F1F /* Frameworks */ = {
			isa = PBXFrameworksBuildPhase;
			buildActionMask = 2147483647;
			files = (
				400C1DFD6298E809146CD459 /* Pods_EventTrackerTests.framework in Frameworks */,
			);
			runOnlyForDeploymentPostprocessing = 0;
		};
		5E89F97127E63E1000BF6F1F /* Frameworks */ = {
			isa = PBXFrameworksBuildPhase;
			buildActionMask = 2147483647;
			files = (
				25836CAB6432692F061508AA /* Pods_EventTracker_EventTrackerUITests.framework in Frameworks */,
			);
			runOnlyForDeploymentPostprocessing = 0;
		};
/* End PBXFrameworksBuildPhase section */

/* Begin PBXGroup section */
		5E3146132803547100485ADC /* Mocks */ = {
			isa = PBXGroup;
			children = (
				5E3146142803547100485ADC /* FilterInteractorInputMock.swift */,
				5E3146152803547100485ADC /* FilterRouterInputMock.swift */,
			);
			path = Mocks;
			sourceTree = "<group>";
		};
		5E3146182803549500485ADC /* Mocks */ = {
			isa = PBXGroup;
			children = (
				5E31461E280354EF00485ADC /* CategoriesFilterInteractorInputMock.swift */,
				5E31461D280354EE00485ADC /* CategoriesFilterRouterInputMock.swift */,
			);
			path = Mocks;
			sourceTree = "<group>";
		};
		5E31461F2803551F00485ADC /* Mocks */ = {
			isa = PBXGroup;
			children = (
				5E3146202803551F00485ADC /* CitiesFilterInteractorInputMock.swift */,
				5E3146212803551F00485ADC /* CitiesFilterRouterInputMock.swift */,
			);
			path = Mocks;
			sourceTree = "<group>";
		};
		5E3D9FDF2801E3C400BD9322 /* Filter */ = {
			isa = PBXGroup;
			children = (
				5E3146132803547100485ADC /* Mocks */,
				5E3DA00428020ACC00BD9322 /* CategoriesFilter */,
				5E3D9FE92801F9D000BD9322 /* CitiesFilter */,
				5E3D9FD32801E3B100BD9322 /* FilterPresenter.swift */,
				5E3D9FD42801E3B100BD9322 /* FilterRouter.swift */,
				5E3D9FD52801E3B100BD9322 /* FilterViewController.swift */,
				5E3D9FD62801E3B100BD9322 /* FilterProtocols.swift */,
				5E3D9FD72801E3B100BD9322 /* FilterInteractor.swift */,
				5E3D9FD82801E3B100BD9322 /* FilterContainer.swift */,
				5E3D9FE02801E47500BD9322 /* FilterTableViewCell.swift */,
				5E3D9FE22801E49300BD9322 /* FilterInfo.swift */,
			);
			path = Filter;
			sourceTree = "<group>";
		};
		5E3D9FE62801E88300BD9322 /* Profile */ = {
			isa = PBXGroup;
			children = (
				5E5199F2280C8F2000A2298B /* ChangeUserProfile */,
				5E89F9B027E63F3300BF6F1F /* ProfilePresenter.swift */,
				5E89F9B127E63F3300BF6F1F /* ProfileRouter.swift */,
				5E89F9B227E63F3300BF6F1F /* ProfileViewController.swift */,
				5E89F9B327E63F3300BF6F1F /* ProfileProtocols.swift */,
				5E89F9B427E63F3300BF6F1F /* ProfileInteractor.swift */,
				5E89F9B527E63F3300BF6F1F /* ProfileContainer.swift */,
				5EB657C42806F3BC006C21F6 /* ProfileViewModel.swift */,
				5E5199DC280C7CFD00A2298B /* UserProfileManager.swift */,
			);
			path = Profile;
			sourceTree = "<group>";
		};
		5E3D9FE92801F9D000BD9322 /* CitiesFilter */ = {
			isa = PBXGroup;
			children = (
				5E31461F2803551F00485ADC /* Mocks */,
				5E3D9FEA2801FA0300BD9322 /* CitiesFilterPresenter.swift */,
				5E3D9FEB2801FA0300BD9322 /* CitiesFilterRouter.swift */,
				5E3D9FEC2801FA0300BD9322 /* CitiesFilterViewController.swift */,
				5E3D9FED2801FA0300BD9322 /* CitiesFilterProtocols.swift */,
				5E3D9FEE2801FA0300BD9322 /* CitiesFilterInteractor.swift */,
				5E3D9FEF2801FA0300BD9322 /* CitiesFilterContainer.swift */,
				5E3D9FF62801FA6700BD9322 /* CitiesFilterCell.swift */,
			);
			path = CitiesFilter;
			sourceTree = "<group>";
		};
		5E3DA00428020ACC00BD9322 /* CategoriesFilter */ = {
			isa = PBXGroup;
			children = (
				5E3146182803549500485ADC /* Mocks */,
				5E3D9FF828020AC300BD9322 /* CategoriesFilterPresenter.swift */,
				5E3D9FF928020AC300BD9322 /* CategoriesFilterRouter.swift */,
				5E3D9FFA28020AC300BD9322 /* CategoriesFilterViewController.swift */,
				5E3D9FFB28020AC300BD9322 /* CategoriesFilterProtocols.swift */,
				5E3D9FFC28020AC300BD9322 /* CategoriesFilterInteractor.swift */,
				5E3D9FFD28020AC300BD9322 /* CategoriesFilterContainer.swift */,
				5E3DA00528020B2900BD9322 /* CategoriesFilterCell.swift */,
			);
			path = CategoriesFilter;
			sourceTree = "<group>";
		};
		5E5199F2280C8F2000A2298B /* ChangeUserProfile */ = {
			isa = PBXGroup;
			children = (
				5E5199E6280C8F1B00A2298B /* ChangeUserProfilePresenter.swift */,
				5E5199E7280C8F1B00A2298B /* ChangeUserProfileRouter.swift */,
				5E5199E8280C8F1B00A2298B /* ChangeUserProfileViewController.swift */,
				5E5199E9280C8F1B00A2298B /* ChangeUserProfileProtocols.swift */,
				5E5199EA280C8F1B00A2298B /* ChangeUserProfileInteractor.swift */,
				5E5199EB280C8F1B00A2298B /* ChangeUserProfileContainer.swift */,
			);
			path = ChangeUserProfile;
			sourceTree = "<group>";
		};
		5E89F94B27E63E0C00BF6F1F = {
			isa = PBXGroup;
			children = (
				5EB657A32806F05C006C21F6 /* Login */,
				5EB6579F2806ED88006C21F6 /* GoogleService-Info.plist */,
				5E31460228033C5800485ADC /* AlertManager.swift */,
				5E3D9FE72801F68600BD9322 /* CustomButtonBuilder.swift */,
				5E3D9FE62801E88300BD9322 /* Profile */,
				5E3D9FE42801E4F900BD9322 /* ServiceData.swift */,
				5E89F9A227E63F1000BF6F1F /* Map */,
				5E89F99427E63EF200BF6F1F /* Favorites */,
				5E89F98727E63EDE00BF6F1F /* Poster */,
				5E89F95627E63E0C00BF6F1F /* EventTracker */,
				5E89F96D27E63E1000BF6F1F /* EventTrackerTests */,
				5E89F97727E63E1000BF6F1F /* EventTrackerUITests */,
				5E89F95527E63E0C00BF6F1F /* Products */,
				9EA0AECC1E92460025620695 /* Pods */,
				666FF38696AADFD8F869F1F7 /* Frameworks */,
			);
			sourceTree = "<group>";
		};
		5E89F95527E63E0C00BF6F1F /* Products */ = {
			isa = PBXGroup;
			children = (
				5E89F95427E63E0C00BF6F1F /* EventTracker.app */,
				5E89F96A27E63E1000BF6F1F /* EventTrackerTests.xctest */,
				5E89F97427E63E1000BF6F1F /* EventTrackerUITests.xctest */,
			);
			name = Products;
			sourceTree = "<group>";
		};
		5E89F95627E63E0C00BF6F1F /* EventTracker */ = {
			isa = PBXGroup;
			children = (
				5E89F95727E63E0C00BF6F1F /* AppDelegate.swift */,
				5E89F95927E63E0C00BF6F1F /* SceneDelegate.swift */,
				5E89F95B27E63E0C00BF6F1F /* ViewController.swift */,
				5E89F95D27E63E0C00BF6F1F /* Main.storyboard */,
				5E89F96027E63E1000BF6F1F /* Assets.xcassets */,
				5E89F96227E63E1000BF6F1F /* LaunchScreen.storyboard */,
				5E89F96527E63E1000BF6F1F /* Info.plist */,
			);
			path = EventTracker;
			sourceTree = "<group>";
		};
		5E89F96D27E63E1000BF6F1F /* EventTrackerTests */ = {
			isa = PBXGroup;
			children = (
				5E89F96E27E63E1000BF6F1F /* EventTrackerTests.swift */,
			);
			path = EventTrackerTests;
			sourceTree = "<group>";
		};
		5E89F97727E63E1000BF6F1F /* EventTrackerUITests */ = {
			isa = PBXGroup;
			children = (
				5E89F97827E63E1000BF6F1F /* EventTrackerUITests.swift */,
				5E89F97A27E63E1000BF6F1F /* EventTrackerUITestsLaunchTests.swift */,
			);
			path = EventTrackerUITests;
			sourceTree = "<group>";
		};
		5E89F98727E63EDE00BF6F1F /* Poster */ = {
			isa = PBXGroup;
			children = (
				5E31460028033B8700485ADC /* PosterViewModelManager.swift */,
				5E3145FA28033B5100485ADC /* PosterManager.swift */,
				5E3145F828033B5100485ADC /* PosterModelLoader.swift */,
				5E3145FB28033B5100485ADC /* PosterServiceModel.swift */,
				5E3145F928033B5100485ADC /* PosterViewModel.swift */,
				5E3D9FDF2801E3C400BD9322 /* Filter */,
				5E89F98827E63EEE00BF6F1F /* PosterPresenter.swift */,
				5E89F98927E63EEE00BF6F1F /* PosterRouter.swift */,
				5E89F98A27E63EEE00BF6F1F /* PosterViewController.swift */,
				5E89F98B27E63EEE00BF6F1F /* PosterProtocols.swift */,
				5E89F98C27E63EEE00BF6F1F /* PosterInteractor.swift */,
				5E89F98D27E63EEE00BF6F1F /* PosterContainer.swift */,
				5E31460428033C9900485ADC /* EntertaimentTableViewCell.swift */,
			);
			path = Poster;
			sourceTree = "<group>";
		};
		5E89F99427E63EF200BF6F1F /* Favorites */ = {
			isa = PBXGroup;
			children = (
				5E89F99627E63F0C00BF6F1F /* FavoritesPresenter.swift */,
				5E89F99727E63F0C00BF6F1F /* FavoritesRouter.swift */,
				5E89F99827E63F0C00BF6F1F /* FavoritesViewController.swift */,
				5E89F99927E63F0C00BF6F1F /* FavoritesProtocols.swift */,
				5E89F99A27E63F0C00BF6F1F /* FavoritesInteractor.swift */,
				5E89F99B27E63F0C00BF6F1F /* FavoritesContainer.swift */,
			);
			path = Favorites;
			sourceTree = "<group>";
		};
		5E89F9A227E63F1000BF6F1F /* Map */ = {
			isa = PBXGroup;
			children = (
				5E89F9A327E63F1C00BF6F1F /* MapPresenter.swift */,
				5E89F9A427E63F1C00BF6F1F /* MapRouter.swift */,
				5E89F9A527E63F1C00BF6F1F /* MapViewController.swift */,
				5E89F9A627E63F1C00BF6F1F /* MapProtocols.swift */,
				5E89F9A727E63F1C00BF6F1F /* MapInteractor.swift */,
				5E89F9A827E63F1C00BF6F1F /* MapContainer.swift */,
			);
			path = Map;
			sourceTree = "<group>";
		};
		5EB657A32806F05C006C21F6 /* Login */ = {
			isa = PBXGroup;
			children = (
				5EB657A42806F07F006C21F6 /* LoginPresenter.swift */,
				5EB657A52806F07F006C21F6 /* LoginRouter.swift */,
				5EB657A62806F07F006C21F6 /* LoginViewController.swift */,
				5EB657A72806F07F006C21F6 /* LoginProtocols.swift */,
				5EB657A82806F07F006C21F6 /* LoginInteractor.swift */,
				5EB657A92806F07F006C21F6 /* LoginContainer.swift */,
				5EB657BC2806F0E1006C21F6 /* LoginView.swift */,
				5EB657C02806F103006C21F6 /* UserData.swift */,
			);
			path = Login;
			sourceTree = "<group>";
		};
		666FF38696AADFD8F869F1F7 /* Frameworks */ = {
			isa = PBXGroup;
			children = (
				AF4DDCE8C95F49B9419418B9 /* Pods_EventTracker.framework */,
				BDEBA0AF5F8BE977D84AE0C0 /* Pods_EventTracker_EventTrackerUITests.framework */,
				A5E113B02ADC5CDBC17555AB /* Pods_EventTrackerTests.framework */,
			);
			name = Frameworks;
			sourceTree = "<group>";
		};
		9EA0AECC1E92460025620695 /* Pods */ = {
			isa = PBXGroup;
			children = (
				953F2A32B4EEA73A73CCE08A /* Pods-EventTracker.debug.xcconfig */,
				07498AD82BBE2CA10733FB14 /* Pods-EventTracker.release.xcconfig */,
				84C4AFCD28996FAFA6E1A4F2 /* Pods-EventTracker-EventTrackerUITests.debug.xcconfig */,
				E473EACB0C887A8A6ED77BEA /* Pods-EventTracker-EventTrackerUITests.release.xcconfig */,
				E42521A77D05CC7020A82913 /* Pods-EventTrackerTests.debug.xcconfig */,
				63A61CBD918D051A001BA066 /* Pods-EventTrackerTests.release.xcconfig */,
			);
			path = Pods;
			sourceTree = "<group>";
		};
/* End PBXGroup section */

/* Begin PBXNativeTarget section */
		5E89F95327E63E0C00BF6F1F /* EventTracker */ = {
			isa = PBXNativeTarget;
			buildConfigurationList = 5E89F97E27E63E1000BF6F1F /* Build configuration list for PBXNativeTarget "EventTracker" */;
			buildPhases = (
				B8CE4B03F6652B80F5EABABA /* [CP] Check Pods Manifest.lock */,
				5E89F95027E63E0C00BF6F1F /* Sources */,
				5E89F95127E63E0C00BF6F1F /* Frameworks */,
				5E89F95227E63E0C00BF6F1F /* Resources */,
				67FF5E5AEFB92377E1CFA85E /* [CP] Embed Pods Frameworks */,
			);
			buildRules = (
			);
			dependencies = (
			);
			name = EventTracker;
			productName = EventTracker;
			productReference = 5E89F95427E63E0C00BF6F1F /* EventTracker.app */;
			productType = "com.apple.product-type.application";
		};
		5E89F96927E63E1000BF6F1F /* EventTrackerTests */ = {
			isa = PBXNativeTarget;
			buildConfigurationList = 5E89F98127E63E1000BF6F1F /* Build configuration list for PBXNativeTarget "EventTrackerTests" */;
			buildPhases = (
				1A8072323A0D61037A977E27 /* [CP] Check Pods Manifest.lock */,
				5E89F96627E63E1000BF6F1F /* Sources */,
				5E89F96727E63E1000BF6F1F /* Frameworks */,
				5E89F96827E63E1000BF6F1F /* Resources */,
			);
			buildRules = (
			);
			dependencies = (
				5E89F96C27E63E1000BF6F1F /* PBXTargetDependency */,
			);
			name = EventTrackerTests;
			productName = EventTrackerTests;
			productReference = 5E89F96A27E63E1000BF6F1F /* EventTrackerTests.xctest */;
			productType = "com.apple.product-type.bundle.unit-test";
		};
		5E89F97327E63E1000BF6F1F /* EventTrackerUITests */ = {
			isa = PBXNativeTarget;
			buildConfigurationList = 5E89F98427E63E1000BF6F1F /* Build configuration list for PBXNativeTarget "EventTrackerUITests" */;
			buildPhases = (
				F1EC7C8D73FFE9D518E5803E /* [CP] Check Pods Manifest.lock */,
				5E89F97027E63E1000BF6F1F /* Sources */,
				5E89F97127E63E1000BF6F1F /* Frameworks */,
				5E89F97227E63E1000BF6F1F /* Resources */,
				2D4D62F6338905C8F1FF015D /* [CP] Embed Pods Frameworks */,
			);
			buildRules = (
			);
			dependencies = (
				5E89F97627E63E1000BF6F1F /* PBXTargetDependency */,
			);
			name = EventTrackerUITests;
			productName = EventTrackerUITests;
			productReference = 5E89F97427E63E1000BF6F1F /* EventTrackerUITests.xctest */;
			productType = "com.apple.product-type.bundle.ui-testing";
		};
/* End PBXNativeTarget section */

/* Begin PBXProject section */
		5E89F94C27E63E0C00BF6F1F /* Project object */ = {
			isa = PBXProject;
			attributes = {
				BuildIndependentTargetsInParallel = 1;
				LastSwiftUpdateCheck = 1320;
				LastUpgradeCheck = 1320;
				TargetAttributes = {
					5E89F95327E63E0C00BF6F1F = {
						CreatedOnToolsVersion = 13.2.1;
					};
					5E89F96927E63E1000BF6F1F = {
						CreatedOnToolsVersion = 13.2.1;
						TestTargetID = 5E89F95327E63E0C00BF6F1F;
					};
					5E89F97327E63E1000BF6F1F = {
						CreatedOnToolsVersion = 13.2.1;
						TestTargetID = 5E89F95327E63E0C00BF6F1F;
					};
				};
			};
			buildConfigurationList = 5E89F94F27E63E0C00BF6F1F /* Build configuration list for PBXProject "EventTracker" */;
			compatibilityVersion = "Xcode 13.0";
			developmentRegion = en;
			hasScannedForEncodings = 0;
			knownRegions = (
				en,
				Base,
			);
			mainGroup = 5E89F94B27E63E0C00BF6F1F;
			productRefGroup = 5E89F95527E63E0C00BF6F1F /* Products */;
			projectDirPath = "";
			projectRoot = "";
			targets = (
				5E89F95327E63E0C00BF6F1F /* EventTracker */,
				5E89F96927E63E1000BF6F1F /* EventTrackerTests */,
				5E89F97327E63E1000BF6F1F /* EventTrackerUITests */,
			);
		};
/* End PBXProject section */

/* Begin PBXResourcesBuildPhase section */
		5E89F95227E63E0C00BF6F1F /* Resources */ = {
			isa = PBXResourcesBuildPhase;
			buildActionMask = 2147483647;
			files = (
				5E89F96427E63E1000BF6F1F /* LaunchScreen.storyboard in Resources */,
				5EB657A02806ED88006C21F6 /* GoogleService-Info.plist in Resources */,
				5E89F96127E63E1000BF6F1F /* Assets.xcassets in Resources */,
				5E89F95F27E63E0C00BF6F1F /* Main.storyboard in Resources */,
			);
			runOnlyForDeploymentPostprocessing = 0;
		};
		5E89F96827E63E1000BF6F1F /* Resources */ = {
			isa = PBXResourcesBuildPhase;
			buildActionMask = 2147483647;
			files = (
				5EB657A12806ED88006C21F6 /* GoogleService-Info.plist in Resources */,
			);
			runOnlyForDeploymentPostprocessing = 0;
		};
		5E89F97227E63E1000BF6F1F /* Resources */ = {
			isa = PBXResourcesBuildPhase;
			buildActionMask = 2147483647;
			files = (
				5EB657A22806ED88006C21F6 /* GoogleService-Info.plist in Resources */,
			);
			runOnlyForDeploymentPostprocessing = 0;
		};
/* End PBXResourcesBuildPhase section */

/* Begin PBXShellScriptBuildPhase section */
		1A8072323A0D61037A977E27 /* [CP] Check Pods Manifest.lock */ = {
			isa = PBXShellScriptBuildPhase;
			buildActionMask = 2147483647;
			files = (
			);
			inputFileListPaths = (
			);
			inputPaths = (
				"${PODS_PODFILE_DIR_PATH}/Podfile.lock",
				"${PODS_ROOT}/Manifest.lock",
			);
			name = "[CP] Check Pods Manifest.lock";
			outputFileListPaths = (
			);
			outputPaths = (
				"$(DERIVED_FILE_DIR)/Pods-EventTrackerTests-checkManifestLockResult.txt",
			);
			runOnlyForDeploymentPostprocessing = 0;
			shellPath = /bin/sh;
			shellScript = "diff \"${PODS_PODFILE_DIR_PATH}/Podfile.lock\" \"${PODS_ROOT}/Manifest.lock\" > /dev/null\nif [ $? != 0 ] ; then\n    # print error to STDERR\n    echo \"error: The sandbox is not in sync with the Podfile.lock. Run 'pod install' or update your CocoaPods installation.\" >&2\n    exit 1\nfi\n# This output is used by Xcode 'outputs' to avoid re-running this script phase.\necho \"SUCCESS\" > \"${SCRIPT_OUTPUT_FILE_0}\"\n";
			showEnvVarsInLog = 0;
		};
		2D4D62F6338905C8F1FF015D /* [CP] Embed Pods Frameworks */ = {
			isa = PBXShellScriptBuildPhase;
			buildActionMask = 2147483647;
			files = (
			);
			inputFileListPaths = (
				"${PODS_ROOT}/Target Support Files/Pods-EventTracker-EventTrackerUITests/Pods-EventTracker-EventTrackerUITests-frameworks-${CONFIGURATION}-input-files.xcfilelist",
			);
			name = "[CP] Embed Pods Frameworks";
			outputFileListPaths = (
				"${PODS_ROOT}/Target Support Files/Pods-EventTracker-EventTrackerUITests/Pods-EventTracker-EventTrackerUITests-frameworks-${CONFIGURATION}-output-files.xcfilelist",
			);
			runOnlyForDeploymentPostprocessing = 0;
			shellPath = /bin/sh;
			shellScript = "\"${PODS_ROOT}/Target Support Files/Pods-EventTracker-EventTrackerUITests/Pods-EventTracker-EventTrackerUITests-frameworks.sh\"\n";
			showEnvVarsInLog = 0;
		};
		67FF5E5AEFB92377E1CFA85E /* [CP] Embed Pods Frameworks */ = {
			isa = PBXShellScriptBuildPhase;
			buildActionMask = 2147483647;
			files = (
			);
			inputFileListPaths = (
				"${PODS_ROOT}/Target Support Files/Pods-EventTracker/Pods-EventTracker-frameworks-${CONFIGURATION}-input-files.xcfilelist",
			);
			name = "[CP] Embed Pods Frameworks";
			outputFileListPaths = (
				"${PODS_ROOT}/Target Support Files/Pods-EventTracker/Pods-EventTracker-frameworks-${CONFIGURATION}-output-files.xcfilelist",
			);
			runOnlyForDeploymentPostprocessing = 0;
			shellPath = /bin/sh;
			shellScript = "\"${PODS_ROOT}/Target Support Files/Pods-EventTracker/Pods-EventTracker-frameworks.sh\"\n";
			showEnvVarsInLog = 0;
		};
		B8CE4B03F6652B80F5EABABA /* [CP] Check Pods Manifest.lock */ = {
			isa = PBXShellScriptBuildPhase;
			buildActionMask = 2147483647;
			files = (
			);
			inputFileListPaths = (
			);
			inputPaths = (
				"${PODS_PODFILE_DIR_PATH}/Podfile.lock",
				"${PODS_ROOT}/Manifest.lock",
			);
			name = "[CP] Check Pods Manifest.lock";
			outputFileListPaths = (
			);
			outputPaths = (
				"$(DERIVED_FILE_DIR)/Pods-EventTracker-checkManifestLockResult.txt",
			);
			runOnlyForDeploymentPostprocessing = 0;
			shellPath = /bin/sh;
			shellScript = "diff \"${PODS_PODFILE_DIR_PATH}/Podfile.lock\" \"${PODS_ROOT}/Manifest.lock\" > /dev/null\nif [ $? != 0 ] ; then\n    # print error to STDERR\n    echo \"error: The sandbox is not in sync with the Podfile.lock. Run 'pod install' or update your CocoaPods installation.\" >&2\n    exit 1\nfi\n# This output is used by Xcode 'outputs' to avoid re-running this script phase.\necho \"SUCCESS\" > \"${SCRIPT_OUTPUT_FILE_0}\"\n";
			showEnvVarsInLog = 0;
		};
		F1EC7C8D73FFE9D518E5803E /* [CP] Check Pods Manifest.lock */ = {
			isa = PBXShellScriptBuildPhase;
			buildActionMask = 2147483647;
			files = (
			);
			inputFileListPaths = (
			);
			inputPaths = (
				"${PODS_PODFILE_DIR_PATH}/Podfile.lock",
				"${PODS_ROOT}/Manifest.lock",
			);
			name = "[CP] Check Pods Manifest.lock";
			outputFileListPaths = (
			);
			outputPaths = (
				"$(DERIVED_FILE_DIR)/Pods-EventTracker-EventTrackerUITests-checkManifestLockResult.txt",
			);
			runOnlyForDeploymentPostprocessing = 0;
			shellPath = /bin/sh;
			shellScript = "diff \"${PODS_PODFILE_DIR_PATH}/Podfile.lock\" \"${PODS_ROOT}/Manifest.lock\" > /dev/null\nif [ $? != 0 ] ; then\n    # print error to STDERR\n    echo \"error: The sandbox is not in sync with the Podfile.lock. Run 'pod install' or update your CocoaPods installation.\" >&2\n    exit 1\nfi\n# This output is used by Xcode 'outputs' to avoid re-running this script phase.\necho \"SUCCESS\" > \"${SCRIPT_OUTPUT_FILE_0}\"\n";
			showEnvVarsInLog = 0;
		};
/* End PBXShellScriptBuildPhase section */

/* Begin PBXSourcesBuildPhase section */
		5E89F95027E63E0C00BF6F1F /* Sources */ = {
			isa = PBXSourcesBuildPhase;
			buildActionMask = 2147483647;
			files = (
				5E3DA00028020AC300BD9322 /* CategoriesFilterViewController.swift in Sources */,
				5E5199EC280C8F1B00A2298B /* ChangeUserProfilePresenter.swift in Sources */,
				5E89F9B627E63F3300BF6F1F /* ProfilePresenter.swift in Sources */,
				5E3146232803551F00485ADC /* CitiesFilterRouterInputMock.swift in Sources */,
				5EB657BD2806F0E1006C21F6 /* LoginView.swift in Sources */,
				5E89F99C27E63F0C00BF6F1F /* FavoritesPresenter.swift in Sources */,
				5E31460128033B8700485ADC /* PosterViewModelManager.swift in Sources */,
				5EB657B62806F07F006C21F6 /* LoginInteractor.swift in Sources */,
				5E89F99127E63EEE00BF6F1F /* PosterProtocols.swift in Sources */,
				5E3D9FF42801FA0300BD9322 /* CitiesFilterInteractor.swift in Sources */,
				5E89F9A027E63F0C00BF6F1F /* FavoritesInteractor.swift in Sources */,
				5EB657AD2806F07F006C21F6 /* LoginRouter.swift in Sources */,
				5E89F9B927E63F3300BF6F1F /* ProfileProtocols.swift in Sources */,
				5E89F9AD27E63F1C00BF6F1F /* MapInteractor.swift in Sources */,
				5E3D9FE82801F68600BD9322 /* CustomButtonBuilder.swift in Sources */,
				5E3D9FF72801FA6700BD9322 /* CitiesFilterCell.swift in Sources */,
				5E3145FD28033B5200485ADC /* PosterViewModel.swift in Sources */,
				5E89F9A927E63F1C00BF6F1F /* MapPresenter.swift in Sources */,
				5EB657B02806F07F006C21F6 /* LoginViewController.swift in Sources */,
				5E3DA00628020B2900BD9322 /* CategoriesFilterCell.swift in Sources */,
				5E5199EF280C8F1B00A2298B /* ChangeUserProfileProtocols.swift in Sources */,
				5E3DA00128020AC300BD9322 /* CategoriesFilterProtocols.swift in Sources */,
				5EB657B92806F07F006C21F6 /* LoginContainer.swift in Sources */,
				5E3146172803547100485ADC /* FilterRouterInputMock.swift in Sources */,
				5E31460528033C9900485ADC /* EntertaimentTableViewCell.swift in Sources */,
				5E3145FE28033B5200485ADC /* PosterManager.swift in Sources */,
				5E89F9B827E63F3300BF6F1F /* ProfileViewController.swift in Sources */,
				5E89F9BB27E63F3300BF6F1F /* ProfileContainer.swift in Sources */,
				5EB657C52806F3BC006C21F6 /* ProfileViewModel.swift in Sources */,
				5E3D9FF52801FA0300BD9322 /* CitiesFilterContainer.swift in Sources */,
				5E3D9FFE28020AC300BD9322 /* CategoriesFilterPresenter.swift in Sources */,
				5EB657B32806F07F006C21F6 /* LoginProtocols.swift in Sources */,
				5E3146222803551F00485ADC /* CitiesFilterInteractorInputMock.swift in Sources */,
				5E3D9FDA2801E3B100BD9322 /* FilterRouter.swift in Sources */,
				5E89F9AA27E63F1C00BF6F1F /* MapRouter.swift in Sources */,
				5E89F99227E63EEE00BF6F1F /* PosterInteractor.swift in Sources */,
				5E89F9BA27E63F3300BF6F1F /* ProfileInteractor.swift in Sources */,
				5E5199F0280C8F1B00A2298B /* ChangeUserProfileInteractor.swift in Sources */,
				5E89F9B727E63F3300BF6F1F /* ProfileRouter.swift in Sources */,
				5E89F95C27E63E0C00BF6F1F /* ViewController.swift in Sources */,
				5E89F9AE27E63F1C00BF6F1F /* MapContainer.swift in Sources */,
				5E89F98E27E63EEE00BF6F1F /* PosterPresenter.swift in Sources */,
				5E89F99327E63EEE00BF6F1F /* PosterContainer.swift in Sources */,
				5E3DA00328020AC300BD9322 /* CategoriesFilterContainer.swift in Sources */,
				5EB657AA2806F07F006C21F6 /* LoginPresenter.swift in Sources */,
				5E3D9FDD2801E3B100BD9322 /* FilterInteractor.swift in Sources */,
				5E3145FF28033B5200485ADC /* PosterServiceModel.swift in Sources */,
				5E3D9FF32801FA0300BD9322 /* CitiesFilterProtocols.swift in Sources */,
				5E3D9FF12801FA0300BD9322 /* CitiesFilterRouter.swift in Sources */,
				5E89F9AC27E63F1C00BF6F1F /* MapProtocols.swift in Sources */,
				5E3146252803569100485ADC /* CategoriesFilterRouterInputMock.swift in Sources */,
				5E3145FC28033B5200485ADC /* PosterModelLoader.swift in Sources */,
				5E3D9FF02801FA0300BD9322 /* CitiesFilterPresenter.swift in Sources */,
				5E3D9FDE2801E3B100BD9322 /* FilterContainer.swift in Sources */,
				5E3146162803547100485ADC /* FilterInteractorInputMock.swift in Sources */,
				5E89F99F27E63F0C00BF6F1F /* FavoritesProtocols.swift in Sources */,
				5E5199F1280C8F1B00A2298B /* ChangeUserProfileContainer.swift in Sources */,
				5E89F95827E63E0C00BF6F1F /* AppDelegate.swift in Sources */,
				5E5199DD280C7CFD00A2298B /* UserProfileManager.swift in Sources */,
				5E89F95A27E63E0C00BF6F1F /* SceneDelegate.swift in Sources */,
				5E3D9FDC2801E3B100BD9322 /* FilterProtocols.swift in Sources */,
				5E3D9FE32801E49300BD9322 /* FilterInfo.swift in Sources */,
				5E89F98F27E63EEE00BF6F1F /* PosterRouter.swift in Sources */,
				5E89F9AB27E63F1C00BF6F1F /* MapViewController.swift in Sources */,
				5E3146242803568E00485ADC /* CategoriesFilterInteractorInputMock.swift in Sources */,
				5E3D9FDB2801E3B100BD9322 /* FilterViewController.swift in Sources */,
				5E5199ED280C8F1B00A2298B /* ChangeUserProfileRouter.swift in Sources */,
				5E89F9A127E63F0C00BF6F1F /* FavoritesContainer.swift in Sources */,
				5E31460328033C5800485ADC /* AlertManager.swift in Sources */,
				5E89F99D27E63F0C00BF6F1F /* FavoritesRouter.swift in Sources */,
				5E3D9FF22801FA0300BD9322 /* CitiesFilterViewController.swift in Sources */,
				5E89F99E27E63F0C00BF6F1F /* FavoritesViewController.swift in Sources */,
				5E3D9FE12801E47500BD9322 /* FilterTableViewCell.swift in Sources */,
				5EB657C12806F103006C21F6 /* UserData.swift in Sources */,
				5E3D9FFF28020AC300BD9322 /* CategoriesFilterRouter.swift in Sources */,
				5E3D9FD92801E3B100BD9322 /* FilterPresenter.swift in Sources */,
				5E5199EE280C8F1B00A2298B /* ChangeUserProfileViewController.swift in Sources */,
				5E3DA00228020AC300BD9322 /* CategoriesFilterInteractor.swift in Sources */,
				5E89F99027E63EEE00BF6F1F /* PosterViewController.swift in Sources */,
				5E3D9FE52801E4F900BD9322 /* ServiceData.swift in Sources */,
			);
			runOnlyForDeploymentPostprocessing = 0;
		};
		5E89F96627E63E1000BF6F1F /* Sources */ = {
			isa = PBXSourcesBuildPhase;
			buildActionMask = 2147483647;
			files = (
				5EB657B12806F07F006C21F6 /* LoginViewController.swift in Sources */,
				5EB657B42806F07F006C21F6 /* LoginProtocols.swift in Sources */,
				5EB657B72806F07F006C21F6 /* LoginInteractor.swift in Sources */,
				5EB657C22806F103006C21F6 /* UserData.swift in Sources */,
				5EB657C62806F3BC006C21F6 /* ProfileViewModel.swift in Sources */,
				5EB657AB2806F07F006C21F6 /* LoginPresenter.swift in Sources */,
				5E5199E2280C8B1700A2298B /* ServiceData.swift in Sources */,
				5E89F96F27E63E1000BF6F1F /* EventTrackerTests.swift in Sources */,
				5EB657BA2806F07F006C21F6 /* LoginContainer.swift in Sources */,
				5EB657BE2806F0E1006C21F6 /* LoginView.swift in Sources */,
				5EB657AE2806F07F006C21F6 /* LoginRouter.swift in Sources */,
			);
			runOnlyForDeploymentPostprocessing = 0;
		};
		5E89F97027E63E1000BF6F1F /* Sources */ = {
			isa = PBXSourcesBuildPhase;
			buildActionMask = 2147483647;
			files = (
				5E89F97B27E63E1000BF6F1F /* EventTrackerUITestsLaunchTests.swift in Sources */,
				5EB657B82806F07F006C21F6 /* LoginInteractor.swift in Sources */,
				5EB657BF2806F0E1006C21F6 /* LoginView.swift in Sources */,
				5EB657AF2806F07F006C21F6 /* LoginRouter.swift in Sources */,
				5EB657B52806F07F006C21F6 /* LoginProtocols.swift in Sources */,
				5EB657C72806F3BC006C21F6 /* ProfileViewModel.swift in Sources */,
				5EB657B22806F07F006C21F6 /* LoginViewController.swift in Sources */,
				5EB657C32806F103006C21F6 /* UserData.swift in Sources */,
				5E89F97927E63E1000BF6F1F /* EventTrackerUITests.swift in Sources */,
			);
			runOnlyForDeploymentPostprocessing = 0;
		};
/* End PBXSourcesBuildPhase section */

/* Begin PBXTargetDependency section */
		5E89F96C27E63E1000BF6F1F /* PBXTargetDependency */ = {
			isa = PBXTargetDependency;
			target = 5E89F95327E63E0C00BF6F1F /* EventTracker */;
			targetProxy = 5E89F96B27E63E1000BF6F1F /* PBXContainerItemProxy */;
		};
		5E89F97627E63E1000BF6F1F /* PBXTargetDependency */ = {
			isa = PBXTargetDependency;
			target = 5E89F95327E63E0C00BF6F1F /* EventTracker */;
			targetProxy = 5E89F97527E63E1000BF6F1F /* PBXContainerItemProxy */;
		};
/* End PBXTargetDependency section */

/* Begin PBXVariantGroup section */
		5E89F95D27E63E0C00BF6F1F /* Main.storyboard */ = {
			isa = PBXVariantGroup;
			children = (
				5E89F95E27E63E0C00BF6F1F /* Base */,
			);
			name = Main.storyboard;
			sourceTree = "<group>";
		};
		5E89F96227E63E1000BF6F1F /* LaunchScreen.storyboard */ = {
			isa = PBXVariantGroup;
			children = (
				5E89F96327E63E1000BF6F1F /* Base */,
			);
			name = LaunchScreen.storyboard;
			sourceTree = "<group>";
		};
/* End PBXVariantGroup section */

/* Begin XCBuildConfiguration section */
		5E89F97C27E63E1000BF6F1F /* Debug */ = {
			isa = XCBuildConfiguration;
			buildSettings = {
				ALWAYS_SEARCH_USER_PATHS = NO;
				CLANG_ANALYZER_NONNULL = YES;
				CLANG_ANALYZER_NUMBER_OBJECT_CONVERSION = YES_AGGRESSIVE;
				CLANG_CXX_LANGUAGE_STANDARD = "gnu++17";
				CLANG_CXX_LIBRARY = "libc++";
				CLANG_ENABLE_MODULES = YES;
				CLANG_ENABLE_OBJC_ARC = YES;
				CLANG_ENABLE_OBJC_WEAK = YES;
				CLANG_WARN_BLOCK_CAPTURE_AUTORELEASING = YES;
				CLANG_WARN_BOOL_CONVERSION = YES;
				CLANG_WARN_COMMA = YES;
				CLANG_WARN_CONSTANT_CONVERSION = YES;
				CLANG_WARN_DEPRECATED_OBJC_IMPLEMENTATIONS = YES;
				CLANG_WARN_DIRECT_OBJC_ISA_USAGE = YES_ERROR;
				CLANG_WARN_DOCUMENTATION_COMMENTS = YES;
				CLANG_WARN_EMPTY_BODY = YES;
				CLANG_WARN_ENUM_CONVERSION = YES;
				CLANG_WARN_INFINITE_RECURSION = YES;
				CLANG_WARN_INT_CONVERSION = YES;
				CLANG_WARN_NON_LITERAL_NULL_CONVERSION = YES;
				CLANG_WARN_OBJC_IMPLICIT_RETAIN_SELF = YES;
				CLANG_WARN_OBJC_LITERAL_CONVERSION = YES;
				CLANG_WARN_OBJC_ROOT_CLASS = YES_ERROR;
				CLANG_WARN_QUOTED_INCLUDE_IN_FRAMEWORK_HEADER = YES;
				CLANG_WARN_RANGE_LOOP_ANALYSIS = YES;
				CLANG_WARN_STRICT_PROTOTYPES = YES;
				CLANG_WARN_SUSPICIOUS_MOVE = YES;
				CLANG_WARN_UNGUARDED_AVAILABILITY = YES_AGGRESSIVE;
				CLANG_WARN_UNREACHABLE_CODE = YES;
				CLANG_WARN__DUPLICATE_METHOD_MATCH = YES;
				COPY_PHASE_STRIP = NO;
				DEBUG_INFORMATION_FORMAT = dwarf;
				ENABLE_STRICT_OBJC_MSGSEND = YES;
				ENABLE_TESTABILITY = YES;
				GCC_C_LANGUAGE_STANDARD = gnu11;
				GCC_DYNAMIC_NO_PIC = NO;
				GCC_NO_COMMON_BLOCKS = YES;
				GCC_OPTIMIZATION_LEVEL = 0;
				GCC_PREPROCESSOR_DEFINITIONS = (
					"DEBUG=1",
					"$(inherited)",
				);
				GCC_WARN_64_TO_32_BIT_CONVERSION = YES;
				GCC_WARN_ABOUT_RETURN_TYPE = YES_ERROR;
				GCC_WARN_UNDECLARED_SELECTOR = YES;
				GCC_WARN_UNINITIALIZED_AUTOS = YES_AGGRESSIVE;
				GCC_WARN_UNUSED_FUNCTION = YES;
				GCC_WARN_UNUSED_VARIABLE = YES;
				IPHONEOS_DEPLOYMENT_TARGET = 15.2;
				MTL_ENABLE_DEBUG_INFO = INCLUDE_SOURCE;
				MTL_FAST_MATH = YES;
				ONLY_ACTIVE_ARCH = YES;
				SDKROOT = iphoneos;
				SWIFT_ACTIVE_COMPILATION_CONDITIONS = DEBUG;
				SWIFT_OPTIMIZATION_LEVEL = "-Onone";
			};
			name = Debug;
		};
		5E89F97D27E63E1000BF6F1F /* Release */ = {
			isa = XCBuildConfiguration;
			buildSettings = {
				ALWAYS_SEARCH_USER_PATHS = NO;
				CLANG_ANALYZER_NONNULL = YES;
				CLANG_ANALYZER_NUMBER_OBJECT_CONVERSION = YES_AGGRESSIVE;
				CLANG_CXX_LANGUAGE_STANDARD = "gnu++17";
				CLANG_CXX_LIBRARY = "libc++";
				CLANG_ENABLE_MODULES = YES;
				CLANG_ENABLE_OBJC_ARC = YES;
				CLANG_ENABLE_OBJC_WEAK = YES;
				CLANG_WARN_BLOCK_CAPTURE_AUTORELEASING = YES;
				CLANG_WARN_BOOL_CONVERSION = YES;
				CLANG_WARN_COMMA = YES;
				CLANG_WARN_CONSTANT_CONVERSION = YES;
				CLANG_WARN_DEPRECATED_OBJC_IMPLEMENTATIONS = YES;
				CLANG_WARN_DIRECT_OBJC_ISA_USAGE = YES_ERROR;
				CLANG_WARN_DOCUMENTATION_COMMENTS = YES;
				CLANG_WARN_EMPTY_BODY = YES;
				CLANG_WARN_ENUM_CONVERSION = YES;
				CLANG_WARN_INFINITE_RECURSION = YES;
				CLANG_WARN_INT_CONVERSION = YES;
				CLANG_WARN_NON_LITERAL_NULL_CONVERSION = YES;
				CLANG_WARN_OBJC_IMPLICIT_RETAIN_SELF = YES;
				CLANG_WARN_OBJC_LITERAL_CONVERSION = YES;
				CLANG_WARN_OBJC_ROOT_CLASS = YES_ERROR;
				CLANG_WARN_QUOTED_INCLUDE_IN_FRAMEWORK_HEADER = YES;
				CLANG_WARN_RANGE_LOOP_ANALYSIS = YES;
				CLANG_WARN_STRICT_PROTOTYPES = YES;
				CLANG_WARN_SUSPICIOUS_MOVE = YES;
				CLANG_WARN_UNGUARDED_AVAILABILITY = YES_AGGRESSIVE;
				CLANG_WARN_UNREACHABLE_CODE = YES;
				CLANG_WARN__DUPLICATE_METHOD_MATCH = YES;
				COPY_PHASE_STRIP = NO;
				DEBUG_INFORMATION_FORMAT = "dwarf-with-dsym";
				ENABLE_NS_ASSERTIONS = NO;
				ENABLE_STRICT_OBJC_MSGSEND = YES;
				GCC_C_LANGUAGE_STANDARD = gnu11;
				GCC_NO_COMMON_BLOCKS = YES;
				GCC_WARN_64_TO_32_BIT_CONVERSION = YES;
				GCC_WARN_ABOUT_RETURN_TYPE = YES_ERROR;
				GCC_WARN_UNDECLARED_SELECTOR = YES;
				GCC_WARN_UNINITIALIZED_AUTOS = YES_AGGRESSIVE;
				GCC_WARN_UNUSED_FUNCTION = YES;
				GCC_WARN_UNUSED_VARIABLE = YES;
				IPHONEOS_DEPLOYMENT_TARGET = 15.2;
				MTL_ENABLE_DEBUG_INFO = NO;
				MTL_FAST_MATH = YES;
				SDKROOT = iphoneos;
				SWIFT_COMPILATION_MODE = wholemodule;
				SWIFT_OPTIMIZATION_LEVEL = "-O";
				VALIDATE_PRODUCT = YES;
			};
			name = Release;
		};
		5E89F97F27E63E1000BF6F1F /* Debug */ = {
			isa = XCBuildConfiguration;
			baseConfigurationReference = 953F2A32B4EEA73A73CCE08A /* Pods-EventTracker.debug.xcconfig */;
			buildSettings = {
				ASSETCATALOG_COMPILER_APPICON_NAME = AppIcon;
				ASSETCATALOG_COMPILER_GLOBAL_ACCENT_COLOR_NAME = AccentColor;
				CODE_SIGN_STYLE = Automatic;
				CURRENT_PROJECT_VERSION = 1;
				GENERATE_INFOPLIST_FILE = YES;
				INFOPLIST_FILE = EventTracker/Info.plist;
				INFOPLIST_KEY_UIApplicationSupportsIndirectInputEvents = YES;
				INFOPLIST_KEY_UILaunchStoryboardName = LaunchScreen;
				INFOPLIST_KEY_UIMainStoryboardFile = Main;
				INFOPLIST_KEY_UISupportedInterfaceOrientations_iPad = "UIInterfaceOrientationPortrait UIInterfaceOrientationPortraitUpsideDown UIInterfaceOrientationLandscapeLeft UIInterfaceOrientationLandscapeRight";
				INFOPLIST_KEY_UISupportedInterfaceOrientations_iPhone = "UIInterfaceOrientationPortrait UIInterfaceOrientationLandscapeLeft UIInterfaceOrientationLandscapeRight";
				LD_RUNPATH_SEARCH_PATHS = (
					"$(inherited)",
					"@executable_path/Frameworks",
				);
				MARKETING_VERSION = 1.0;
				PRODUCT_BUNDLE_IDENTIFIER = EventTracker.com.EventTracker;
				PRODUCT_NAME = "$(TARGET_NAME)";
				SWIFT_EMIT_LOC_STRINGS = YES;
				SWIFT_VERSION = 5.0;
				TARGETED_DEVICE_FAMILY = "1,2";
			};
			name = Debug;
		};
		5E89F98027E63E1000BF6F1F /* Release */ = {
			isa = XCBuildConfiguration;
			baseConfigurationReference = 07498AD82BBE2CA10733FB14 /* Pods-EventTracker.release.xcconfig */;
			buildSettings = {
				ASSETCATALOG_COMPILER_APPICON_NAME = AppIcon;
				ASSETCATALOG_COMPILER_GLOBAL_ACCENT_COLOR_NAME = AccentColor;
				CODE_SIGN_STYLE = Automatic;
				CURRENT_PROJECT_VERSION = 1;
				GENERATE_INFOPLIST_FILE = YES;
				INFOPLIST_FILE = EventTracker/Info.plist;
				INFOPLIST_KEY_UIApplicationSupportsIndirectInputEvents = YES;
				INFOPLIST_KEY_UILaunchStoryboardName = LaunchScreen;
				INFOPLIST_KEY_UIMainStoryboardFile = Main;
				INFOPLIST_KEY_UISupportedInterfaceOrientations_iPad = "UIInterfaceOrientationPortrait UIInterfaceOrientationPortraitUpsideDown UIInterfaceOrientationLandscapeLeft UIInterfaceOrientationLandscapeRight";
				INFOPLIST_KEY_UISupportedInterfaceOrientations_iPhone = "UIInterfaceOrientationPortrait UIInterfaceOrientationLandscapeLeft UIInterfaceOrientationLandscapeRight";
				LD_RUNPATH_SEARCH_PATHS = (
					"$(inherited)",
					"@executable_path/Frameworks",
				);
				MARKETING_VERSION = 1.0;
				PRODUCT_BUNDLE_IDENTIFIER = EventTracker.com.EventTracker;
				PRODUCT_NAME = "$(TARGET_NAME)";
				SWIFT_EMIT_LOC_STRINGS = YES;
				SWIFT_VERSION = 5.0;
				TARGETED_DEVICE_FAMILY = "1,2";
			};
			name = Release;
		};
		5E89F98227E63E1000BF6F1F /* Debug */ = {
			isa = XCBuildConfiguration;
			baseConfigurationReference = E42521A77D05CC7020A82913 /* Pods-EventTrackerTests.debug.xcconfig */;
			buildSettings = {
				ALWAYS_EMBED_SWIFT_STANDARD_LIBRARIES = YES;
				BUNDLE_LOADER = "$(TEST_HOST)";
				CODE_SIGN_STYLE = Automatic;
				CURRENT_PROJECT_VERSION = 1;
				GENERATE_INFOPLIST_FILE = YES;
				IPHONEOS_DEPLOYMENT_TARGET = 15.2;
				MARKETING_VERSION = 1.0;
				PRODUCT_BUNDLE_IDENTIFIER = EventTracker.com.EventTrackerTests;
				PRODUCT_NAME = "$(TARGET_NAME)";
				SWIFT_EMIT_LOC_STRINGS = NO;
				SWIFT_VERSION = 5.0;
				TARGETED_DEVICE_FAMILY = "1,2";
				TEST_HOST = "$(BUILT_PRODUCTS_DIR)/EventTracker.app/EventTracker";
			};
			name = Debug;
		};
		5E89F98327E63E1000BF6F1F /* Release */ = {
			isa = XCBuildConfiguration;
			baseConfigurationReference = 63A61CBD918D051A001BA066 /* Pods-EventTrackerTests.release.xcconfig */;
			buildSettings = {
				ALWAYS_EMBED_SWIFT_STANDARD_LIBRARIES = YES;
				BUNDLE_LOADER = "$(TEST_HOST)";
				CODE_SIGN_STYLE = Automatic;
				CURRENT_PROJECT_VERSION = 1;
				GENERATE_INFOPLIST_FILE = YES;
				IPHONEOS_DEPLOYMENT_TARGET = 15.2;
				MARKETING_VERSION = 1.0;
				PRODUCT_BUNDLE_IDENTIFIER = EventTracker.com.EventTrackerTests;
				PRODUCT_NAME = "$(TARGET_NAME)";
				SWIFT_EMIT_LOC_STRINGS = NO;
				SWIFT_VERSION = 5.0;
				TARGETED_DEVICE_FAMILY = "1,2";
				TEST_HOST = "$(BUILT_PRODUCTS_DIR)/EventTracker.app/EventTracker";
			};
			name = Release;
		};
		5E89F98527E63E1000BF6F1F /* Debug */ = {
			isa = XCBuildConfiguration;
			baseConfigurationReference = 84C4AFCD28996FAFA6E1A4F2 /* Pods-EventTracker-EventTrackerUITests.debug.xcconfig */;
			buildSettings = {
				ALWAYS_EMBED_SWIFT_STANDARD_LIBRARIES = YES;
				CODE_SIGN_STYLE = Automatic;
				CURRENT_PROJECT_VERSION = 1;
				GENERATE_INFOPLIST_FILE = YES;
				MARKETING_VERSION = 1.0;
				PRODUCT_BUNDLE_IDENTIFIER = EventTracker.com.EventTrackerUITests;
				PRODUCT_NAME = "$(TARGET_NAME)";
				SWIFT_EMIT_LOC_STRINGS = NO;
				SWIFT_VERSION = 5.0;
				TARGETED_DEVICE_FAMILY = "1,2";
				TEST_TARGET_NAME = EventTracker;
			};
			name = Debug;
		};
		5E89F98627E63E1000BF6F1F /* Release */ = {
			isa = XCBuildConfiguration;
			baseConfigurationReference = E473EACB0C887A8A6ED77BEA /* Pods-EventTracker-EventTrackerUITests.release.xcconfig */;
			buildSettings = {
				ALWAYS_EMBED_SWIFT_STANDARD_LIBRARIES = YES;
				CODE_SIGN_STYLE = Automatic;
				CURRENT_PROJECT_VERSION = 1;
				GENERATE_INFOPLIST_FILE = YES;
				MARKETING_VERSION = 1.0;
				PRODUCT_BUNDLE_IDENTIFIER = EventTracker.com.EventTrackerUITests;
				PRODUCT_NAME = "$(TARGET_NAME)";
				SWIFT_EMIT_LOC_STRINGS = NO;
				SWIFT_VERSION = 5.0;
				TARGETED_DEVICE_FAMILY = "1,2";
				TEST_TARGET_NAME = EventTracker;
			};
			name = Release;
		};
/* End XCBuildConfiguration section */

/* Begin XCConfigurationList section */
		5E89F94F27E63E0C00BF6F1F /* Build configuration list for PBXProject "EventTracker" */ = {
			isa = XCConfigurationList;
			buildConfigurations = (
				5E89F97C27E63E1000BF6F1F /* Debug */,
				5E89F97D27E63E1000BF6F1F /* Release */,
			);
			defaultConfigurationIsVisible = 0;
			defaultConfigurationName = Release;
		};
		5E89F97E27E63E1000BF6F1F /* Build configuration list for PBXNativeTarget "EventTracker" */ = {
			isa = XCConfigurationList;
			buildConfigurations = (
				5E89F97F27E63E1000BF6F1F /* Debug */,
				5E89F98027E63E1000BF6F1F /* Release */,
			);
			defaultConfigurationIsVisible = 0;
			defaultConfigurationName = Release;
		};
		5E89F98127E63E1000BF6F1F /* Build configuration list for PBXNativeTarget "EventTrackerTests" */ = {
			isa = XCConfigurationList;
			buildConfigurations = (
				5E89F98227E63E1000BF6F1F /* Debug */,
				5E89F98327E63E1000BF6F1F /* Release */,
			);
			defaultConfigurationIsVisible = 0;
			defaultConfigurationName = Release;
		};
		5E89F98427E63E1000BF6F1F /* Build configuration list for PBXNativeTarget "EventTrackerUITests" */ = {
			isa = XCConfigurationList;
			buildConfigurations = (
				5E89F98527E63E1000BF6F1F /* Debug */,
				5E89F98627E63E1000BF6F1F /* Release */,
			);
			defaultConfigurationIsVisible = 0;
			defaultConfigurationName = Release;
		};
/* End XCConfigurationList section */
	};
	rootObject = 5E89F94C27E63E0C00BF6F1F /* Project object */;
}
